// !$*UTF8*$!
{
	archiveVersion = 1;
	classes = {
	};
	objectVersion = 56;
	objects = {

/* Begin PBXBuildFile section */
		E78C3A032A51840300A15120 /* Temp_Extension+.swift in Sources */ = {isa = PBXBuildFile; fileRef = E78C3A022A51840300A15120 /* Temp_Extension+.swift */; };
		E78C3A062A51842300A15120 /* Temp_Protocols.swift in Sources */ = {isa = PBXBuildFile; fileRef = E78C3A052A51842300A15120 /* Temp_Protocols.swift */; };
		E78C3A082A51844500A15120 /* HomeViewModel.swift in Sources */ = {isa = PBXBuildFile; fileRef = E78C3A072A51844500A15120 /* HomeViewModel.swift */; };
		E78C3A0A2A51844C00A15120 /* HomeView.swift in Sources */ = {isa = PBXBuildFile; fileRef = E78C3A092A51844C00A15120 /* HomeView.swift */; };
		E78C3A0C2A51845800A15120 /* WritingViewModel.swift in Sources */ = {isa = PBXBuildFile; fileRef = E78C3A0B2A51845800A15120 /* WritingViewModel.swift */; };
		E78C3A0E2A51846600A15120 /* WrtingViewModel.swift in Sources */ = {isa = PBXBuildFile; fileRef = E78C3A0D2A51846600A15120 /* WrtingViewModel.swift */; };
		E78C3A102A51848400A15120 /* ArchiveViewModel.swift in Sources */ = {isa = PBXBuildFile; fileRef = E78C3A0F2A51848400A15120 /* ArchiveViewModel.swift */; };
		E78C3A122A51848B00A15120 /* ArchiveView.swift in Sources */ = {isa = PBXBuildFile; fileRef = E78C3A112A51848B00A15120 /* ArchiveView.swift */; };
		E7AC12192A51CE9000FE504C /* Temp_Components.swift in Sources */ = {isa = PBXBuildFile; fileRef = E7AC12182A51CE9000FE504C /* Temp_Components.swift */; };
		E7AC12212A51CFFD00FE504C /* GeneralResponse.swift in Sources */ = {isa = PBXBuildFile; fileRef = E7AC12202A51CFFD00FE504C /* GeneralResponse.swift */; };
		E7AC12232A51D08300FE504C /* Temp_DataModel.swift in Sources */ = {isa = PBXBuildFile; fileRef = E7AC12222A51D08300FE504C /* Temp_DataModel.swift */; };
		E7AC12252A51D08C00FE504C /* Temp_Service.swift in Sources */ = {isa = PBXBuildFile; fileRef = E7AC12242A51D08C00FE504C /* Temp_Service.swift */; };
		E7AC12272A51D09200FE504C /* Temp_API.swift in Sources */ = {isa = PBXBuildFile; fileRef = E7AC12262A51D09200FE504C /* Temp_API.swift */; };
		E7AC122B2A51D1DD00FE504C /* Temp_Base.swift in Sources */ = {isa = PBXBuildFile; fileRef = E7AC122A2A51D1DD00FE504C /* Temp_Base.swift */; };
		E7C808E92A4D37F800F475CE /* AppDelegate.swift in Sources */ = {isa = PBXBuildFile; fileRef = E7C808E82A4D37F800F475CE /* AppDelegate.swift */; };
		E7C808EB2A4D37F800F475CE /* SceneDelegate.swift in Sources */ = {isa = PBXBuildFile; fileRef = E7C808EA2A4D37F800F475CE /* SceneDelegate.swift */; };
		E7C808ED2A4D37F800F475CE /* ViewController.swift in Sources */ = {isa = PBXBuildFile; fileRef = E7C808EC2A4D37F800F475CE /* ViewController.swift */; };
		E7C808F22A4D37FA00F475CE /* Assets.xcassets in Resources */ = {isa = PBXBuildFile; fileRef = E7C808F12A4D37FA00F475CE /* Assets.xcassets */; };
		E7C808F52A4D37FA00F475CE /* LaunchScreen.storyboard in Resources */ = {isa = PBXBuildFile; fileRef = E7C808F32A4D37FA00F475CE /* LaunchScreen.storyboard */; };
/* End PBXBuildFile section */

/* Begin PBXFileReference section */
		E78C3A022A51840300A15120 /* Temp_Extension+.swift */ = {isa = PBXFileReference; lastKnownFileType = sourcecode.swift; path = "Temp_Extension+.swift"; sourceTree = "<group>"; };
		E78C3A052A51842300A15120 /* Temp_Protocols.swift */ = {isa = PBXFileReference; lastKnownFileType = sourcecode.swift; path = Temp_Protocols.swift; sourceTree = "<group>"; };
		E78C3A072A51844500A15120 /* HomeViewModel.swift */ = {isa = PBXFileReference; lastKnownFileType = sourcecode.swift; path = HomeViewModel.swift; sourceTree = "<group>"; };
		E78C3A092A51844C00A15120 /* HomeView.swift */ = {isa = PBXFileReference; lastKnownFileType = sourcecode.swift; path = HomeView.swift; sourceTree = "<group>"; };
		E78C3A0B2A51845800A15120 /* WritingViewModel.swift */ = {isa = PBXFileReference; lastKnownFileType = sourcecode.swift; path = WritingViewModel.swift; sourceTree = "<group>"; };
		E78C3A0D2A51846600A15120 /* WrtingViewModel.swift */ = {isa = PBXFileReference; lastKnownFileType = sourcecode.swift; path = WrtingViewModel.swift; sourceTree = "<group>"; };
		E78C3A0F2A51848400A15120 /* ArchiveViewModel.swift */ = {isa = PBXFileReference; lastKnownFileType = sourcecode.swift; path = ArchiveViewModel.swift; sourceTree = "<group>"; };
		E78C3A112A51848B00A15120 /* ArchiveView.swift */ = {isa = PBXFileReference; lastKnownFileType = sourcecode.swift; path = ArchiveView.swift; sourceTree = "<group>"; };
		E7AC12182A51CE9000FE504C /* Temp_Components.swift */ = {isa = PBXFileReference; lastKnownFileType = sourcecode.swift; path = Temp_Components.swift; sourceTree = "<group>"; };
		E7AC12202A51CFFD00FE504C /* GeneralResponse.swift */ = {isa = PBXFileReference; lastKnownFileType = sourcecode.swift; path = GeneralResponse.swift; sourceTree = "<group>"; };
		E7AC12222A51D08300FE504C /* Temp_DataModel.swift */ = {isa = PBXFileReference; lastKnownFileType = sourcecode.swift; path = Temp_DataModel.swift; sourceTree = "<group>"; };
		E7AC12242A51D08C00FE504C /* Temp_Service.swift */ = {isa = PBXFileReference; lastKnownFileType = sourcecode.swift; path = Temp_Service.swift; sourceTree = "<group>"; };
		E7AC12262A51D09200FE504C /* Temp_API.swift */ = {isa = PBXFileReference; lastKnownFileType = sourcecode.swift; path = Temp_API.swift; sourceTree = "<group>"; };
		E7AC122A2A51D1DD00FE504C /* Temp_Base.swift */ = {isa = PBXFileReference; lastKnownFileType = sourcecode.swift; path = Temp_Base.swift; sourceTree = "<group>"; };
		E7C808E52A4D37F800F475CE /* KAERA.app */ = {isa = PBXFileReference; explicitFileType = wrapper.application; includeInIndex = 0; path = KAERA.app; sourceTree = BUILT_PRODUCTS_DIR; };
		E7C808E82A4D37F800F475CE /* AppDelegate.swift */ = {isa = PBXFileReference; lastKnownFileType = sourcecode.swift; path = AppDelegate.swift; sourceTree = "<group>"; };
		E7C808EA2A4D37F800F475CE /* SceneDelegate.swift */ = {isa = PBXFileReference; lastKnownFileType = sourcecode.swift; path = SceneDelegate.swift; sourceTree = "<group>"; };
		E7C808EC2A4D37F800F475CE /* ViewController.swift */ = {isa = PBXFileReference; lastKnownFileType = sourcecode.swift; path = ViewController.swift; sourceTree = "<group>"; };
		E7C808F12A4D37FA00F475CE /* Assets.xcassets */ = {isa = PBXFileReference; lastKnownFileType = folder.assetcatalog; path = Assets.xcassets; sourceTree = "<group>"; };
		E7C808F42A4D37FA00F475CE /* Base */ = {isa = PBXFileReference; lastKnownFileType = file.storyboard; name = Base; path = Base.lproj/LaunchScreen.storyboard; sourceTree = "<group>"; };
		E7C808F62A4D37FA00F475CE /* Info.plist */ = {isa = PBXFileReference; lastKnownFileType = text.plist.xml; path = Info.plist; sourceTree = "<group>"; };
/* End PBXFileReference section */

/* Begin PBXFrameworksBuildPhase section */
		E7C808E22A4D37F800F475CE /* Frameworks */ = {
			isa = PBXFrameworksBuildPhase;
			buildActionMask = 2147483647;
			files = (
			);
			runOnlyForDeploymentPostprocessing = 0;
		};
/* End PBXFrameworksBuildPhase section */

/* Begin PBXGroup section */
		E78C39F12A5138D200A15120 /* Scenes */ = {
			isa = PBXGroup;
			children = (
				E78C39F62A5182AA00A15120 /* Home */,
				E78C39F72A5182B100A15120 /* Writing */,
				E78C39F82A5182BC00A15120 /* Archive */,
			);
			path = Scenes;
			sourceTree = "<group>";
		};
		E78C39F22A5138FC00A15120 /* Application */ = {
			isa = PBXGroup;
			children = (
				E7C808F62A4D37FA00F475CE /* Info.plist */,
				E7C808EA2A4D37F800F475CE /* SceneDelegate.swift */,
				E7C808E82A4D37F800F475CE /* AppDelegate.swift */,
			);
			path = Application;
			sourceTree = "<group>";
		};
		E78C39F52A51394A00A15120 /* Resources */ = {
			isa = PBXGroup;
			children = (
				E7C808F32A4D37FA00F475CE /* LaunchScreen.storyboard */,
				E7C808F12A4D37FA00F475CE /* Assets.xcassets */,
			);
			path = Resources;
			sourceTree = "<group>";
		};
		E78C39F62A5182AA00A15120 /* Home */ = {
			isa = PBXGroup;
			children = (
				E78C39FB2A51839500A15120 /* WorryingGridView */,
			);
			path = Home;
			sourceTree = "<group>";
		};
		E78C39F72A5182B100A15120 /* Writing */ = {
			isa = PBXGroup;
			children = (
				E7AC122C2A51D2A500FE504C /* WorryWritingView */,
			);
			path = Writing;
			sourceTree = "<group>";
		};
		E78C39F82A5182BC00A15120 /* Archive */ = {
			isa = PBXGroup;
			children = (
				E78C39FD2A5183A100A15120 /* TemplateSelectionView */,
			);
			path = Archive;
			sourceTree = "<group>";
		};
		E78C39FB2A51839500A15120 /* WorryingGridView */ = {
			isa = PBXGroup;
			children = (
				E78C3A092A51844C00A15120 /* HomeView.swift */,
				E78C3A072A51844500A15120 /* HomeViewModel.swift */,
			);
			path = WorryingGridView;
			sourceTree = "<group>";
		};
		E78C39FD2A5183A100A15120 /* TemplateSelectionView */ = {
			isa = PBXGroup;
			children = (
				E78C3A0F2A51848400A15120 /* ArchiveViewModel.swift */,
				E78C3A112A51848B00A15120 /* ArchiveView.swift */,
			);
			path = TemplateSelectionView;
			sourceTree = "<group>";
		};
		E78C3A002A5183D800A15120 /* Extensions */ = {
			isa = PBXGroup;
			children = (
				E78C3A022A51840300A15120 /* Temp_Extension+.swift */,
			);
			path = Extensions;
			sourceTree = "<group>";
		};
		E78C3A042A51841100A15120 /* Protocols */ = {
			isa = PBXGroup;
			children = (
				E78C3A052A51842300A15120 /* Temp_Protocols.swift */,
			);
			path = Protocols;
			sourceTree = "<group>";
		};
		E7AC12162A51CBA400FE504C /* Global */ = {
			isa = PBXGroup;
			children = (
				E7AC121A2A51CEDC00FE504C /* Base */,
				E7AC12172A51CC8100FE504C /* Components */,
				E78C3A042A51841100A15120 /* Protocols */,
				E78C3A002A5183D800A15120 /* Extensions */,
			);
			path = Global;
			sourceTree = "<group>";
		};
		E7AC12172A51CC8100FE504C /* Components */ = {
			isa = PBXGroup;
			children = (
				E7AC12182A51CE9000FE504C /* Temp_Components.swift */,
			);
			path = Components;
			sourceTree = "<group>";
		};
		E7AC121A2A51CEDC00FE504C /* Base */ = {
			isa = PBXGroup;
			children = (
				E7AC122A2A51D1DD00FE504C /* Temp_Base.swift */,
			);
			path = Base;
			sourceTree = "<group>";
		};
		E7AC121B2A51CF8500FE504C /* Network */ = {
			isa = PBXGroup;
			children = (
				E7AC121F2A51CFA700FE504C /* Base */,
				E7AC121E2A51CF9D00FE504C /* DataModels */,
				E7AC121D2A51CF9600FE504C /* Services */,
				E7AC121C2A51CF8E00FE504C /* APIs */,
			);
			path = Network;
			sourceTree = "<group>";
		};
		E7AC121C2A51CF8E00FE504C /* APIs */ = {
			isa = PBXGroup;
			children = (
				E7AC12262A51D09200FE504C /* Temp_API.swift */,
			);
			path = APIs;
			sourceTree = "<group>";
		};
		E7AC121D2A51CF9600FE504C /* Services */ = {
			isa = PBXGroup;
			children = (
				E7AC12242A51D08C00FE504C /* Temp_Service.swift */,
			);
			path = Services;
			sourceTree = "<group>";
		};
		E7AC121E2A51CF9D00FE504C /* DataModels */ = {
			isa = PBXGroup;
			children = (
				E7AC12222A51D08300FE504C /* Temp_DataModel.swift */,
			);
			path = DataModels;
			sourceTree = "<group>";
		};
		E7AC121F2A51CFA700FE504C /* Base */ = {
			isa = PBXGroup;
			children = (
				E7AC12202A51CFFD00FE504C /* GeneralResponse.swift */,
			);
			path = Base;
			sourceTree = "<group>";
		};
		E7AC122C2A51D2A500FE504C /* WorryWritingView */ = {
			isa = PBXGroup;
			children = (
				E78C3A0B2A51845800A15120 /* WritingViewModel.swift */,
				E78C3A0D2A51846600A15120 /* WrtingViewModel.swift */,
			);
			path = WorryWritingView;
			sourceTree = "<group>";
		};
		E7C808DC2A4D37F800F475CE = {
			isa = PBXGroup;
			children = (
				E7C808E72A4D37F800F475CE /* KAERA */,
				E7C808E62A4D37F800F475CE /* Products */,
			);
			sourceTree = "<group>";
		};
		E7C808E62A4D37F800F475CE /* Products */ = {
			isa = PBXGroup;
			children = (
				E7C808E52A4D37F800F475CE /* KAERA.app */,
			);
			name = Products;
			sourceTree = "<group>";
		};
		E7C808E72A4D37F800F475CE /* KAERA */ = {
			isa = PBXGroup;
			children = (
				E7C808EC2A4D37F800F475CE /* ViewController.swift */,
				E7AC12162A51CBA400FE504C /* Global */,
				E78C39F12A5138D200A15120 /* Scenes */,
				E78C39F52A51394A00A15120 /* Resources */,
				E7AC121B2A51CF8500FE504C /* Network */,
				E78C39F22A5138FC00A15120 /* Application */,
			);
			path = KAERA;
			sourceTree = "<group>";
		};
/* End PBXGroup section */

/* Begin PBXNativeTarget section */
		E7C808E42A4D37F800F475CE /* KAERA */ = {
			isa = PBXNativeTarget;
			buildConfigurationList = E7C808F92A4D37FA00F475CE /* Build configuration list for PBXNativeTarget "KAERA" */;
			buildPhases = (
				E7C808E12A4D37F800F475CE /* Sources */,
				E7C808E22A4D37F800F475CE /* Frameworks */,
				E7C808E32A4D37F800F475CE /* Resources */,
			);
			buildRules = (
			);
			dependencies = (
			);
			name = KAERA;
			productName = KAERA;
			productReference = E7C808E52A4D37F800F475CE /* KAERA.app */;
			productType = "com.apple.product-type.application";
		};
/* End PBXNativeTarget section */

/* Begin PBXProject section */
		E7C808DD2A4D37F800F475CE /* Project object */ = {
			isa = PBXProject;
			attributes = {
				BuildIndependentTargetsInParallel = 1;
				LastSwiftUpdateCheck = 1430;
				LastUpgradeCheck = 1430;
				TargetAttributes = {
					E7C808E42A4D37F800F475CE = {
						CreatedOnToolsVersion = 14.3.1;
					};
				};
			};
			buildConfigurationList = E7C808E02A4D37F800F475CE /* Build configuration list for PBXProject "KAERA" */;
			compatibilityVersion = "Xcode 14.0";
			developmentRegion = en;
			hasScannedForEncodings = 0;
			knownRegions = (
				en,
				Base,
			);
			mainGroup = E7C808DC2A4D37F800F475CE;
			productRefGroup = E7C808E62A4D37F800F475CE /* Products */;
			projectDirPath = "";
			projectRoot = "";
			targets = (
				E7C808E42A4D37F800F475CE /* KAERA */,
			);
		};
/* End PBXProject section */

/* Begin PBXResourcesBuildPhase section */
		E7C808E32A4D37F800F475CE /* Resources */ = {
			isa = PBXResourcesBuildPhase;
			buildActionMask = 2147483647;
			files = (
				E7C808F52A4D37FA00F475CE /* LaunchScreen.storyboard in Resources */,
				E7C808F22A4D37FA00F475CE /* Assets.xcassets in Resources */,
			);
			runOnlyForDeploymentPostprocessing = 0;
		};
/* End PBXResourcesBuildPhase section */

/* Begin PBXSourcesBuildPhase section */
		E7C808E12A4D37F800F475CE /* Sources */ = {
			isa = PBXSourcesBuildPhase;
			buildActionMask = 2147483647;
			files = (
				E7C808ED2A4D37F800F475CE /* ViewController.swift in Sources */,
				E78C3A0A2A51844C00A15120 /* HomeView.swift in Sources */,
				E78C3A082A51844500A15120 /* HomeViewModel.swift in Sources */,
				E7AC12232A51D08300FE504C /* Temp_DataModel.swift in Sources */,
				E78C3A102A51848400A15120 /* ArchiveViewModel.swift in Sources */,
				E78C3A0E2A51846600A15120 /* WrtingViewModel.swift in Sources */,
				E78C3A032A51840300A15120 /* Temp_Extension+.swift in Sources */,
				E7AC122B2A51D1DD00FE504C /* Temp_Base.swift in Sources */,
				E7AC12252A51D08C00FE504C /* Temp_Service.swift in Sources */,
				E7AC12272A51D09200FE504C /* Temp_API.swift in Sources */,
				E78C3A062A51842300A15120 /* Temp_Protocols.swift in Sources */,
				E78C3A0C2A51845800A15120 /* WritingViewModel.swift in Sources */,
				E78C3A122A51848B00A15120 /* ArchiveView.swift in Sources */,
				E7C808E92A4D37F800F475CE /* AppDelegate.swift in Sources */,
				E7AC12212A51CFFD00FE504C /* GeneralResponse.swift in Sources */,
				E7C808EB2A4D37F800F475CE /* SceneDelegate.swift in Sources */,
				E7AC12192A51CE9000FE504C /* Temp_Components.swift in Sources */,
			);
			runOnlyForDeploymentPostprocessing = 0;
		};
/* End PBXSourcesBuildPhase section */

/* Begin PBXVariantGroup section */
		E7C808F32A4D37FA00F475CE /* LaunchScreen.storyboard */ = {
			isa = PBXVariantGroup;
			children = (
				E7C808F42A4D37FA00F475CE /* Base */,
			);
			name = LaunchScreen.storyboard;
			sourceTree = "<group>";
		};
/* End PBXVariantGroup section */

/* Begin XCBuildConfiguration section */
		E7C808F72A4D37FA00F475CE /* Debug */ = {
			isa = XCBuildConfiguration;
			buildSettings = {
				ALWAYS_SEARCH_USER_PATHS = NO;
				CLANG_ANALYZER_NONNULL = YES;
				CLANG_ANALYZER_NUMBER_OBJECT_CONVERSION = YES_AGGRESSIVE;
				CLANG_CXX_LANGUAGE_STANDARD = "gnu++20";
				CLANG_ENABLE_MODULES = YES;
				CLANG_ENABLE_OBJC_ARC = YES;
				CLANG_ENABLE_OBJC_WEAK = YES;
				CLANG_WARN_BLOCK_CAPTURE_AUTORELEASING = YES;
				CLANG_WARN_BOOL_CONVERSION = YES;
				CLANG_WARN_COMMA = YES;
				CLANG_WARN_CONSTANT_CONVERSION = YES;
				CLANG_WARN_DEPRECATED_OBJC_IMPLEMENTATIONS = YES;
				CLANG_WARN_DIRECT_OBJC_ISA_USAGE = YES_ERROR;
				CLANG_WARN_DOCUMENTATION_COMMENTS = YES;
				CLANG_WARN_EMPTY_BODY = YES;
				CLANG_WARN_ENUM_CONVERSION = YES;
				CLANG_WARN_INFINITE_RECURSION = YES;
				CLANG_WARN_INT_CONVERSION = YES;
				CLANG_WARN_NON_LITERAL_NULL_CONVERSION = YES;
				CLANG_WARN_OBJC_IMPLICIT_RETAIN_SELF = YES;
				CLANG_WARN_OBJC_LITERAL_CONVERSION = YES;
				CLANG_WARN_OBJC_ROOT_CLASS = YES_ERROR;
				CLANG_WARN_QUOTED_INCLUDE_IN_FRAMEWORK_HEADER = YES;
				CLANG_WARN_RANGE_LOOP_ANALYSIS = YES;
				CLANG_WARN_STRICT_PROTOTYPES = YES;
				CLANG_WARN_SUSPICIOUS_MOVE = YES;
				CLANG_WARN_UNGUARDED_AVAILABILITY = YES_AGGRESSIVE;
				CLANG_WARN_UNREACHABLE_CODE = YES;
				CLANG_WARN__DUPLICATE_METHOD_MATCH = YES;
				COPY_PHASE_STRIP = NO;
				DEBUG_INFORMATION_FORMAT = dwarf;
				ENABLE_STRICT_OBJC_MSGSEND = YES;
				ENABLE_TESTABILITY = YES;
				GCC_C_LANGUAGE_STANDARD = gnu11;
				GCC_DYNAMIC_NO_PIC = NO;
				GCC_NO_COMMON_BLOCKS = YES;
				GCC_OPTIMIZATION_LEVEL = 0;
				GCC_PREPROCESSOR_DEFINITIONS = (
					"DEBUG=1",
					"$(inherited)",
				);
				GCC_WARN_64_TO_32_BIT_CONVERSION = YES;
				GCC_WARN_ABOUT_RETURN_TYPE = YES_ERROR;
				GCC_WARN_UNDECLARED_SELECTOR = YES;
				GCC_WARN_UNINITIALIZED_AUTOS = YES_AGGRESSIVE;
				GCC_WARN_UNUSED_FUNCTION = YES;
				GCC_WARN_UNUSED_VARIABLE = YES;
				IPHONEOS_DEPLOYMENT_TARGET = 16.4;
				MTL_ENABLE_DEBUG_INFO = INCLUDE_SOURCE;
				MTL_FAST_MATH = YES;
				ONLY_ACTIVE_ARCH = YES;
				SDKROOT = iphoneos;
				SWIFT_ACTIVE_COMPILATION_CONDITIONS = DEBUG;
				SWIFT_OPTIMIZATION_LEVEL = "-Onone";
			};
			name = Debug;
		};
		E7C808F82A4D37FA00F475CE /* Release */ = {
			isa = XCBuildConfiguration;
			buildSettings = {
				ALWAYS_SEARCH_USER_PATHS = NO;
				CLANG_ANALYZER_NONNULL = YES;
				CLANG_ANALYZER_NUMBER_OBJECT_CONVERSION = YES_AGGRESSIVE;
				CLANG_CXX_LANGUAGE_STANDARD = "gnu++20";
				CLANG_ENABLE_MODULES = YES;
				CLANG_ENABLE_OBJC_ARC = YES;
				CLANG_ENABLE_OBJC_WEAK = YES;
				CLANG_WARN_BLOCK_CAPTURE_AUTORELEASING = YES;
				CLANG_WARN_BOOL_CONVERSION = YES;
				CLANG_WARN_COMMA = YES;
				CLANG_WARN_CONSTANT_CONVERSION = YES;
				CLANG_WARN_DEPRECATED_OBJC_IMPLEMENTATIONS = YES;
				CLANG_WARN_DIRECT_OBJC_ISA_USAGE = YES_ERROR;
				CLANG_WARN_DOCUMENTATION_COMMENTS = YES;
				CLANG_WARN_EMPTY_BODY = YES;
				CLANG_WARN_ENUM_CONVERSION = YES;
				CLANG_WARN_INFINITE_RECURSION = YES;
				CLANG_WARN_INT_CONVERSION = YES;
				CLANG_WARN_NON_LITERAL_NULL_CONVERSION = YES;
				CLANG_WARN_OBJC_IMPLICIT_RETAIN_SELF = YES;
				CLANG_WARN_OBJC_LITERAL_CONVERSION = YES;
				CLANG_WARN_OBJC_ROOT_CLASS = YES_ERROR;
				CLANG_WARN_QUOTED_INCLUDE_IN_FRAMEWORK_HEADER = YES;
				CLANG_WARN_RANGE_LOOP_ANALYSIS = YES;
				CLANG_WARN_STRICT_PROTOTYPES = YES;
				CLANG_WARN_SUSPICIOUS_MOVE = YES;
				CLANG_WARN_UNGUARDED_AVAILABILITY = YES_AGGRESSIVE;
				CLANG_WARN_UNREACHABLE_CODE = YES;
				CLANG_WARN__DUPLICATE_METHOD_MATCH = YES;
				COPY_PHASE_STRIP = NO;
				DEBUG_INFORMATION_FORMAT = "dwarf-with-dsym";
				ENABLE_NS_ASSERTIONS = NO;
				ENABLE_STRICT_OBJC_MSGSEND = YES;
				GCC_C_LANGUAGE_STANDARD = gnu11;
				GCC_NO_COMMON_BLOCKS = YES;
				GCC_WARN_64_TO_32_BIT_CONVERSION = YES;
				GCC_WARN_ABOUT_RETURN_TYPE = YES_ERROR;
				GCC_WARN_UNDECLARED_SELECTOR = YES;
				GCC_WARN_UNINITIALIZED_AUTOS = YES_AGGRESSIVE;
				GCC_WARN_UNUSED_FUNCTION = YES;
				GCC_WARN_UNUSED_VARIABLE = YES;
				IPHONEOS_DEPLOYMENT_TARGET = 16.4;
				MTL_ENABLE_DEBUG_INFO = NO;
				MTL_FAST_MATH = YES;
				SDKROOT = iphoneos;
				SWIFT_COMPILATION_MODE = wholemodule;
				SWIFT_OPTIMIZATION_LEVEL = "-O";
				VALIDATE_PRODUCT = YES;
			};
			name = Release;
		};
		E7C808FA2A4D37FA00F475CE /* Debug */ = {
			isa = XCBuildConfiguration;
			buildSettings = {
				ASSETCATALOG_COMPILER_APPICON_NAME = AppIcon;
				ASSETCATALOG_COMPILER_GLOBAL_ACCENT_COLOR_NAME = AccentColor;
				CODE_SIGN_STYLE = Automatic;
				CURRENT_PROJECT_VERSION = 1;
				DEVELOPMENT_TEAM = AFS6YUQ2Y4;
				GENERATE_INFOPLIST_FILE = YES;
				INFOPLIST_FILE = KAERA/Info.plist;
				INFOPLIST_KEY_UIApplicationSupportsIndirectInputEvents = YES;
				INFOPLIST_KEY_UILaunchStoryboardName = LaunchScreen;
				INFOPLIST_KEY_UISupportedInterfaceOrientations_iPad = "UIInterfaceOrientationPortrait UIInterfaceOrientationPortraitUpsideDown UIInterfaceOrientationLandscapeLeft UIInterfaceOrientationLandscapeRight";
				INFOPLIST_KEY_UISupportedInterfaceOrientations_iPhone = "UIInterfaceOrientationPortrait UIInterfaceOrientationLandscapeLeft UIInterfaceOrientationLandscapeRight";
				LD_RUNPATH_SEARCH_PATHS = (
					"$(inherited)",
					"@executable_path/Frameworks",
				);
				MARKETING_VERSION = 1.0;
				PRODUCT_BUNDLE_IDENTIFIER = damin.KAERA;
				PRODUCT_NAME = "$(TARGET_NAME)";
				SWIFT_EMIT_LOC_STRINGS = YES;
				SWIFT_VERSION = 5.0;
				TARGETED_DEVICE_FAMILY = "1,2";
			};
			name = Debug;
		};
		E7C808FB2A4D37FA00F475CE /* Release */ = {
			isa = XCBuildConfiguration;
			buildSettings = {
				ASSETCATALOG_COMPILER_APPICON_NAME = AppIcon;
				ASSETCATALOG_COMPILER_GLOBAL_ACCENT_COLOR_NAME = AccentColor;
				CODE_SIGN_STYLE = Automatic;
				CURRENT_PROJECT_VERSION = 1;
				DEVELOPMENT_TEAM = AFS6YUQ2Y4;
				GENERATE_INFOPLIST_FILE = YES;
				INFOPLIST_FILE = KAERA/Info.plist;
				INFOPLIST_KEY_UIApplicationSupportsIndirectInputEvents = YES;
				INFOPLIST_KEY_UILaunchStoryboardName = LaunchScreen;
				INFOPLIST_KEY_UISupportedInterfaceOrientations_iPad = "UIInterfaceOrientationPortrait UIInterfaceOrientationPortraitUpsideDown UIInterfaceOrientationLandscapeLeft UIInterfaceOrientationLandscapeRight";
				INFOPLIST_KEY_UISupportedInterfaceOrientations_iPhone = "UIInterfaceOrientationPortrait UIInterfaceOrientationLandscapeLeft UIInterfaceOrientationLandscapeRight";
				LD_RUNPATH_SEARCH_PATHS = (
					"$(inherited)",
					"@executable_path/Frameworks",
				);
				MARKETING_VERSION = 1.0;
				PRODUCT_BUNDLE_IDENTIFIER = damin.KAERA;
				PRODUCT_NAME = "$(TARGET_NAME)";
				SWIFT_EMIT_LOC_STRINGS = YES;
				SWIFT_VERSION = 5.0;
				TARGETED_DEVICE_FAMILY = "1,2";
			};
			name = Release;
		};
/* End XCBuildConfiguration section */

/* Begin XCConfigurationList section */
		E7C808E02A4D37F800F475CE /* Build configuration list for PBXProject "KAERA" */ = {
			isa = XCConfigurationList;
			buildConfigurations = (
				E7C808F72A4D37FA00F475CE /* Debug */,
				E7C808F82A4D37FA00F475CE /* Release */,
			);
			defaultConfigurationIsVisible = 0;
			defaultConfigurationName = Release;
		};
		E7C808F92A4D37FA00F475CE /* Build configuration list for PBXNativeTarget "KAERA" */ = {
			isa = XCConfigurationList;
			buildConfigurations = (
				E7C808FA2A4D37FA00F475CE /* Debug */,
				E7C808FB2A4D37FA00F475CE /* Release */,
			);
			defaultConfigurationIsVisible = 0;
			defaultConfigurationName = Release;
		};
/* End XCConfigurationList section */
	};
	rootObject = E7C808DD2A4D37F800F475CE /* Project object */;
}
