// !$*UTF8*$!
{
	archiveVersion = 1;
	classes = {
	};
	objectVersion = 56;
	objects = {

/* Begin PBXBuildFile section */
		850C55962ADB2AA00088ABBB /* WorryPatchManager.swift in Sources */ = {isa = PBXBuildFile; fileRef = 850C55952ADB2AA00088ABBB /* WorryPatchManager.swift */; };
		85831C322AF0F5F2008839A0 /* CompleteWorryModel.swift in Sources */ = {isa = PBXBuildFile; fileRef = 85831C312AF0F5F2008839A0 /* CompleteWorryModel.swift */; };
		85887D822A5C429F00F7FB21 /* WriteModalVC.swift in Sources */ = {isa = PBXBuildFile; fileRef = 85887D812A5C429F00F7FB21 /* WriteModalVC.swift */; };
		85887D842A5C42A700F7FB21 /* WriteModalCVC.swift in Sources */ = {isa = PBXBuildFile; fileRef = 85887D832A5C42A700F7FB21 /* WriteModalCVC.swift */; };
		85887D8C2A5D084800F7FB21 /* TemplateListModel.swift in Sources */ = {isa = PBXBuildFile; fileRef = 85887D8B2A5D084800F7FB21 /* TemplateListModel.swift */; };
		85887D8E2A5D086300F7FB21 /* TemplateViewModel.swift in Sources */ = {isa = PBXBuildFile; fileRef = 85887D8D2A5D086300F7FB21 /* TemplateViewModel.swift */; };
		85887D902A5EFA2C00F7FB21 /* WritePickerVC.swift in Sources */ = {isa = PBXBuildFile; fileRef = 85887D8F2A5EFA2C00F7FB21 /* WritePickerVC.swift */; };
		85887D922A60320A00F7FB21 /* ArchiveHeaderView.swift in Sources */ = {isa = PBXBuildFile; fileRef = 85887D912A60320A00F7FB21 /* ArchiveHeaderView.swift */; };
		85887D942A603A9900F7FB21 /* WorryListCVC.swift in Sources */ = {isa = PBXBuildFile; fileRef = 85887D932A603A9900F7FB21 /* WorryListCVC.swift */; };
		85887D972A60430600F7FB21 /* ArchiveModalCVC.swift in Sources */ = {isa = PBXBuildFile; fileRef = 85887D962A60430600F7FB21 /* ArchiveModalCVC.swift */; };
		85887D992A60431000F7FB21 /* ArchiveModalVC.swift in Sources */ = {isa = PBXBuildFile; fileRef = 85887D982A60431000F7FB21 /* ArchiveModalVC.swift */; };
		85887D9C2A605D0B00F7FB21 /* TemplateInfoVC.swift in Sources */ = {isa = PBXBuildFile; fileRef = 85887D9B2A605D0B00F7FB21 /* TemplateInfoVC.swift */; };
		85887D9E2A61219700F7FB21 /* TemplateInfoHeaderView.swift in Sources */ = {isa = PBXBuildFile; fileRef = 85887D9D2A61219700F7FB21 /* TemplateInfoHeaderView.swift */; };
		85887DA02A612E1000F7FB21 /* TemplateInfoTVC.swift in Sources */ = {isa = PBXBuildFile; fileRef = 85887D9F2A612E1000F7FB21 /* TemplateInfoTVC.swift */; };
		85A8492B2A87A13B009F1468 /* TemplateContentViewModel.swift in Sources */ = {isa = PBXBuildFile; fileRef = 85A8492A2A87A13B009F1468 /* TemplateContentViewModel.swift */; };
		85A8492D2A87A3FF009F1468 /* TemplateContentModel.swift in Sources */ = {isa = PBXBuildFile; fileRef = 85A8492C2A87A3FF009F1468 /* TemplateContentModel.swift */; };
		85A8492F2A87A9EC009F1468 /* TemplateContentTV.swift in Sources */ = {isa = PBXBuildFile; fileRef = 85A8492E2A87A9EC009F1468 /* TemplateContentTV.swift */; };
		85A849312A87A9F7009F1468 /* TemplateContentTVC.swift in Sources */ = {isa = PBXBuildFile; fileRef = 85A849302A87A9F7009F1468 /* TemplateContentTVC.swift */; };
		85A849332A87DA36009F1468 /* TemplateContentHeaderView.swift in Sources */ = {isa = PBXBuildFile; fileRef = 85A849322A87DA36009F1468 /* TemplateContentHeaderView.swift */; };
		85E349492AC06C63007D9956 /* WorryPostManager.swift in Sources */ = {isa = PBXBuildFile; fileRef = 85E349482AC06C63007D9956 /* WorryPostManager.swift */; };
		85EBC7F12A5AD7BC00B9E891 /* KaeraTabbarController.swift in Sources */ = {isa = PBXBuildFile; fileRef = 85EBC7F02A5AD7BC00B9E891 /* KaeraTabbarController.swift */; };
		85EBC7F32A5AD93200B9E891 /* HomeGemStoneVC.swift in Sources */ = {isa = PBXBuildFile; fileRef = 85EBC7F22A5AD93200B9E891 /* HomeGemStoneVC.swift */; };
		85EBC7F52A5AD94100B9E891 /* WriteVC.swift in Sources */ = {isa = PBXBuildFile; fileRef = 85EBC7F42A5AD94100B9E891 /* WriteVC.swift */; };
		85EBC7F72A5AD95D00B9E891 /* ArchiveVC.swift in Sources */ = {isa = PBXBuildFile; fileRef = 85EBC7F62A5AD95D00B9E891 /* ArchiveVC.swift */; };
		85ECEE472A9A117E00A624AE /* ArchiveAPI.swift in Sources */ = {isa = PBXBuildFile; fileRef = 85ECEE462A9A117E00A624AE /* ArchiveAPI.swift */; };
		85ECEE492A9A406B00A624AE /* ArchiveService.swift in Sources */ = {isa = PBXBuildFile; fileRef = 85ECEE482A9A406B00A624AE /* ArchiveService.swift */; };
		85ECEE4B2A9B815E00A624AE /* WriteService.swift in Sources */ = {isa = PBXBuildFile; fileRef = 85ECEE4A2A9B815E00A624AE /* WriteService.swift */; };
		85ECEE4D2A9B821500A624AE /* WriteAPI.swift in Sources */ = {isa = PBXBuildFile; fileRef = 85ECEE4C2A9B821500A624AE /* WriteAPI.swift */; };
		E70764672ABFF24700627AA7 /* AuthService.swift in Sources */ = {isa = PBXBuildFile; fileRef = E70764662ABFF24700627AA7 /* AuthService.swift */; };
		E70764692ABFF68800627AA7 /* AuthAPI.swift in Sources */ = {isa = PBXBuildFile; fileRef = E70764682ABFF68800627AA7 /* AuthAPI.swift */; };
		E707646E2ABFF7E800627AA7 /* SignInModel.swift in Sources */ = {isa = PBXBuildFile; fileRef = E707646D2ABFF7E800627AA7 /* SignInModel.swift */; };
		E70764732ABFFF9200627AA7 /* SignInViewModel.swift in Sources */ = {isa = PBXBuildFile; fileRef = E70764722ABFFF9200627AA7 /* SignInViewModel.swift */; };
		E70764752AC06B6000627AA7 /* KeyChainManager.swift in Sources */ = {isa = PBXBuildFile; fileRef = E70764742AC06B6000627AA7 /* KeyChainManager.swift */; };
		E70764B32AC9972400627AA7 /* FirebaseAnalytics in Frameworks */ = {isa = PBXBuildFile; productRef = E70764B22AC9972400627AA7 /* FirebaseAnalytics */; };
		E70764B52AC9972400627AA7 /* FirebaseAnalyticsOnDeviceConversion in Frameworks */ = {isa = PBXBuildFile; productRef = E70764B42AC9972400627AA7 /* FirebaseAnalyticsOnDeviceConversion */; };
		E70764B72AC9972400627AA7 /* FirebaseAnalyticsSwift in Frameworks */ = {isa = PBXBuildFile; productRef = E70764B62AC9972400627AA7 /* FirebaseAnalyticsSwift */; };
		E70764B92AC9972400627AA7 /* FirebaseAnalyticsWithoutAdIdSupport in Frameworks */ = {isa = PBXBuildFile; productRef = E70764B82AC9972400627AA7 /* FirebaseAnalyticsWithoutAdIdSupport */; };
		E70764BB2AC9972400627AA7 /* FirebaseAppCheck in Frameworks */ = {isa = PBXBuildFile; productRef = E70764BA2AC9972400627AA7 /* FirebaseAppCheck */; };
		E70764BD2AC9972400627AA7 /* FirebaseAppDistribution-Beta in Frameworks */ = {isa = PBXBuildFile; productRef = E70764BC2AC9972400627AA7 /* FirebaseAppDistribution-Beta */; };
		E70764BF2AC9972400627AA7 /* FirebaseAuth in Frameworks */ = {isa = PBXBuildFile; productRef = E70764BE2AC9972400627AA7 /* FirebaseAuth */; };
		E70764C12AC9972400627AA7 /* FirebaseAuthCombine-Community in Frameworks */ = {isa = PBXBuildFile; productRef = E70764C02AC9972400627AA7 /* FirebaseAuthCombine-Community */; };
		E70764C32AC9972400627AA7 /* FirebaseCrashlytics in Frameworks */ = {isa = PBXBuildFile; productRef = E70764C22AC9972400627AA7 /* FirebaseCrashlytics */; };
		E70764C52AC9972400627AA7 /* FirebaseDatabase in Frameworks */ = {isa = PBXBuildFile; productRef = E70764C42AC9972400627AA7 /* FirebaseDatabase */; };
		E70764C72AC9972400627AA7 /* FirebaseDatabaseSwift in Frameworks */ = {isa = PBXBuildFile; productRef = E70764C62AC9972400627AA7 /* FirebaseDatabaseSwift */; };
		E70764C92AC9972400627AA7 /* FirebaseDynamicLinks in Frameworks */ = {isa = PBXBuildFile; productRef = E70764C82AC9972400627AA7 /* FirebaseDynamicLinks */; };
		E70764CB2AC9972400627AA7 /* FirebaseFirestore in Frameworks */ = {isa = PBXBuildFile; productRef = E70764CA2AC9972400627AA7 /* FirebaseFirestore */; };
		E70764CD2AC9972400627AA7 /* FirebaseFirestoreCombine-Community in Frameworks */ = {isa = PBXBuildFile; productRef = E70764CC2AC9972400627AA7 /* FirebaseFirestoreCombine-Community */; };
		E70764CF2AC9972400627AA7 /* FirebaseFirestoreSwift in Frameworks */ = {isa = PBXBuildFile; productRef = E70764CE2AC9972400627AA7 /* FirebaseFirestoreSwift */; };
		E70764D12AC9972400627AA7 /* FirebaseFunctions in Frameworks */ = {isa = PBXBuildFile; productRef = E70764D02AC9972400627AA7 /* FirebaseFunctions */; };
		E70764D32AC9972400627AA7 /* FirebaseFunctionsCombine-Community in Frameworks */ = {isa = PBXBuildFile; productRef = E70764D22AC9972400627AA7 /* FirebaseFunctionsCombine-Community */; };
		E70764D52AC9972400627AA7 /* FirebaseInAppMessaging-Beta in Frameworks */ = {isa = PBXBuildFile; productRef = E70764D42AC9972400627AA7 /* FirebaseInAppMessaging-Beta */; };
		E70764D72AC9972400627AA7 /* FirebaseInAppMessagingSwift-Beta in Frameworks */ = {isa = PBXBuildFile; productRef = E70764D62AC9972400627AA7 /* FirebaseInAppMessagingSwift-Beta */; };
		E70764D92AC9972400627AA7 /* FirebaseInstallations in Frameworks */ = {isa = PBXBuildFile; productRef = E70764D82AC9972400627AA7 /* FirebaseInstallations */; };
		E70764DB2AC9972400627AA7 /* FirebaseMLModelDownloader in Frameworks */ = {isa = PBXBuildFile; productRef = E70764DA2AC9972400627AA7 /* FirebaseMLModelDownloader */; };
		E70764DD2AC9972400627AA7 /* FirebaseMessaging in Frameworks */ = {isa = PBXBuildFile; productRef = E70764DC2AC9972400627AA7 /* FirebaseMessaging */; };
		E70764DF2AC9972400627AA7 /* FirebasePerformance in Frameworks */ = {isa = PBXBuildFile; productRef = E70764DE2AC9972400627AA7 /* FirebasePerformance */; };
		E70764E12AC9972400627AA7 /* FirebaseRemoteConfig in Frameworks */ = {isa = PBXBuildFile; productRef = E70764E02AC9972400627AA7 /* FirebaseRemoteConfig */; };
		E70764E32AC9972400627AA7 /* FirebaseRemoteConfigSwift in Frameworks */ = {isa = PBXBuildFile; productRef = E70764E22AC9972400627AA7 /* FirebaseRemoteConfigSwift */; };
		E70764E52AC9972400627AA7 /* FirebaseStorage in Frameworks */ = {isa = PBXBuildFile; productRef = E70764E42AC9972400627AA7 /* FirebaseStorage */; };
		E70764E72AC9972400627AA7 /* FirebaseStorageCombine-Community in Frameworks */ = {isa = PBXBuildFile; productRef = E70764E62AC9972400627AA7 /* FirebaseStorageCombine-Community */; };
		E70764EB2AC9980600627AA7 /* GoogleService-Info.plist in Resources */ = {isa = PBXBuildFile; fileRef = E70764EA2AC9980600627AA7 /* GoogleService-Info.plist */; };
		E70C7CA12A90959A006B2E74 /* HomeService.swift in Sources */ = {isa = PBXBuildFile; fileRef = E70C7CA02A90959A006B2E74 /* HomeService.swift */; };
		E70C7CA32A909829006B2E74 /* HomeAPI.swift in Sources */ = {isa = PBXBuildFile; fileRef = E70C7CA22A909829006B2E74 /* HomeAPI.swift */; };
		E71FC2262AD284D9001DD27D /* SplashVC.swift in Sources */ = {isa = PBXBuildFile; fileRef = E71FC2252AD284D9001DD27D /* SplashVC.swift */; };
		E71FC22C2AD29400001DD27D /* RenewalTokenModel.swift in Sources */ = {isa = PBXBuildFile; fileRef = E71FC22B2AD29400001DD27D /* RenewalTokenModel.swift */; };
		E71FC2442ADC01B6001DD27D /* MyPageVC.swift in Sources */ = {isa = PBXBuildFile; fileRef = E71FC2432ADC01B6001DD27D /* MyPageVC.swift */; };
		E721EABD2A51D5D900A04AA0 /* Then in Frameworks */ = {isa = PBXBuildFile; productRef = E721EABC2A51D5D900A04AA0 /* Then */; };
		E72D6AE82B1C234000CF8B01 /* Lottie in Frameworks */ = {isa = PBXBuildFile; productRef = E72D6AE72B1C234000CF8B01 /* Lottie */; };
		E72D6AEB2B1C255F00CF8B01 /* kaera_loading.json in Resources */ = {isa = PBXBuildFile; fileRef = E72D6AEA2B1C255F00CF8B01 /* kaera_loading.json */; };
		E72D6AF32B1C907800CF8B01 /* EditWorryResponseModel.swift in Sources */ = {isa = PBXBuildFile; fileRef = E72D6AF22B1C907800CF8B01 /* EditWorryResponseModel.swift */; };
		E72D6AF62B21E1A500CF8B01 /* WriteEmptyView.swift in Sources */ = {isa = PBXBuildFile; fileRef = E72D6AF52B21E1A500CF8B01 /* WriteEmptyView.swift */; };
		E73A4C162B31234600C019EF /* Settings.bundle in Resources */ = {isa = PBXBuildFile; fileRef = E73A4C152B31234600C019EF /* Settings.bundle */; };
		E73CA3DA2A69300F00BAC9D6 /* HomePublisherModel.swift in Sources */ = {isa = PBXBuildFile; fileRef = E73CA3D92A69300F00BAC9D6 /* HomePublisherModel.swift */; };
		E73CA3DC2A693C9D00BAC9D6 /* GemStoneEmptyView.swift in Sources */ = {isa = PBXBuildFile; fileRef = E73CA3DB2A693C9D00BAC9D6 /* GemStoneEmptyView.swift */; };
		E73CA3DF2A6A62F700BAC9D6 /* HomeWorryDetailVC.swift in Sources */ = {isa = PBXBuildFile; fileRef = E73CA3DE2A6A62F700BAC9D6 /* HomeWorryDetailVC.swift */; };
		E73CA3E22A6A688A00BAC9D6 /* CustomNavigationBarView.swift in Sources */ = {isa = PBXBuildFile; fileRef = E73CA3E12A6A688A00BAC9D6 /* CustomNavigationBarView.swift */; };
		E73CA3E42A6AB09100BAC9D6 /* HomeWorryDetailTVC.swift in Sources */ = {isa = PBXBuildFile; fileRef = E73CA3E32A6AB09100BAC9D6 /* HomeWorryDetailTVC.swift */; };
		E73CA3E72A6B5D2500BAC9D6 /* HomeWorryDetailHeaderView.swift in Sources */ = {isa = PBXBuildFile; fileRef = E73CA3E62A6B5D2500BAC9D6 /* HomeWorryDetailHeaderView.swift */; };
		E74968D62A74B84100C3C0CF /* WorryDetailReviewView.swift in Sources */ = {isa = PBXBuildFile; fileRef = E74968D52A74B84100C3C0CF /* WorryDetailReviewView.swift */; };
		E74969302A7B2DF000C3C0CF /* WorryDecisionVC.swift in Sources */ = {isa = PBXBuildFile; fileRef = E749692F2A7B2DF000C3C0CF /* WorryDecisionVC.swift */; };
		E74969342A80AE2100C3C0CF /* WorryQuoteView.swift in Sources */ = {isa = PBXBuildFile; fileRef = E74969332A80AE2100C3C0CF /* WorryQuoteView.swift */; };
		E76C7AD52B1490D4008BE56B /* UserDefaults+.swift in Sources */ = {isa = PBXBuildFile; fileRef = E76C7AD42B1490D4008BE56B /* UserDefaults+.swift */; };
		E772E70D2AF9AE650098E091 /* HomeGemStoneCount.swift in Sources */ = {isa = PBXBuildFile; fileRef = E772E70C2AF9AE650098E091 /* HomeGemStoneCount.swift */; };
		E78B648B2AF85FA00046215D /* WorryReviewModel.swift in Sources */ = {isa = PBXBuildFile; fileRef = E78B648A2AF85FA00046215D /* WorryReviewModel.swift */; };
		E79AAC1F2A52F16300F3F439 /* ImageCacheManager.swift in Sources */ = {isa = PBXBuildFile; fileRef = E79AAC1E2A52F16300F3F439 /* ImageCacheManager.swift */; };
		E79AAC212A52F19300F3F439 /* ToastMessageColorType.swift in Sources */ = {isa = PBXBuildFile; fileRef = E79AAC202A52F19300F3F439 /* ToastMessageColorType.swift */; };
		E79AAC302A52F2C300F3F439 /* String+.swift in Sources */ = {isa = PBXBuildFile; fileRef = E79AAC222A52F2C200F3F439 /* String+.swift */; };
		E79AAC312A52F2C300F3F439 /* UIView+.swift in Sources */ = {isa = PBXBuildFile; fileRef = E79AAC232A52F2C200F3F439 /* UIView+.swift */; };
		E79AAC322A52F2C300F3F439 /* UIColor+.swift in Sources */ = {isa = PBXBuildFile; fileRef = E79AAC242A52F2C200F3F439 /* UIColor+.swift */; };
		E79AAC332A52F2C300F3F439 /* UITextField+.swift in Sources */ = {isa = PBXBuildFile; fileRef = E79AAC252A52F2C200F3F439 /* UITextField+.swift */; };
		E79AAC342A52F2C300F3F439 /* UIViewController+.swift in Sources */ = {isa = PBXBuildFile; fileRef = E79AAC262A52F2C200F3F439 /* UIViewController+.swift */; };
		E79AAC352A52F2C300F3F439 /* UIImageView+.swift in Sources */ = {isa = PBXBuildFile; fileRef = E79AAC272A52F2C200F3F439 /* UIImageView+.swift */; };
		E79AAC362A52F2C300F3F439 /* UILabel+.swift in Sources */ = {isa = PBXBuildFile; fileRef = E79AAC282A52F2C200F3F439 /* UILabel+.swift */; };
		E79AAC372A52F2C300F3F439 /* CALayer+.swift in Sources */ = {isa = PBXBuildFile; fileRef = E79AAC292A52F2C200F3F439 /* CALayer+.swift */; };
		E79AAC382A52F2C300F3F439 /* UIStackView+.swift in Sources */ = {isa = PBXBuildFile; fileRef = E79AAC2A2A52F2C200F3F439 /* UIStackView+.swift */; };
		E79AAC392A52F2C300F3F439 /* UICollectionVIew+.swift in Sources */ = {isa = PBXBuildFile; fileRef = E79AAC2B2A52F2C300F3F439 /* UICollectionVIew+.swift */; };
		E79AAC3A2A52F2C300F3F439 /* Adjusted+.swift in Sources */ = {isa = PBXBuildFile; fileRef = E79AAC2C2A52F2C300F3F439 /* Adjusted+.swift */; };
		E79AAC3B2A52F2C300F3F439 /* UIButton+.swift in Sources */ = {isa = PBXBuildFile; fileRef = E79AAC2D2A52F2C300F3F439 /* UIButton+.swift */; };
		E79AAC3C2A52F2C300F3F439 /* NSObject+.swift in Sources */ = {isa = PBXBuildFile; fileRef = E79AAC2E2A52F2C300F3F439 /* NSObject+.swift */; };
		E79AAC3D2A52F2C300F3F439 /* UIFont+.swift in Sources */ = {isa = PBXBuildFile; fileRef = E79AAC2F2A52F2C300F3F439 /* UIFont+.swift */; };
		E79AAC432A52F36500F3F439 /* APIConstant.swift in Sources */ = {isa = PBXBuildFile; fileRef = E79AAC3E2A52F36500F3F439 /* APIConstant.swift */; };
		E79AAC442A52F36500F3F439 /* BaseTargetType.swift in Sources */ = {isa = PBXBuildFile; fileRef = E79AAC3F2A52F36500F3F439 /* BaseTargetType.swift */; };
		E79AAC452A52F36500F3F439 /* MoyaLoggingPlugin.swift in Sources */ = {isa = PBXBuildFile; fileRef = E79AAC402A52F36500F3F439 /* MoyaLoggingPlugin.swift */; };
		E79AAC462A52F36500F3F439 /* NetworkConstant.swift in Sources */ = {isa = PBXBuildFile; fileRef = E79AAC412A52F36500F3F439 /* NetworkConstant.swift */; };
		E79AAC472A52F36500F3F439 /* NetworkResult.swift in Sources */ = {isa = PBXBuildFile; fileRef = E79AAC422A52F36500F3F439 /* NetworkResult.swift */; };
		E79AAC4A2A52F3E000F3F439 /* BaseVC.swift in Sources */ = {isa = PBXBuildFile; fileRef = E79AAC482A52F3E000F3F439 /* BaseVC.swift */; };
		E79AAC4B2A52F3E000F3F439 /* BaseNC.swift in Sources */ = {isa = PBXBuildFile; fileRef = E79AAC492A52F3E000F3F439 /* BaseNC.swift */; };
		E79AAC5A2A531E3300F3F439 /* NanumMyeongjoOTF.otf in Resources */ = {isa = PBXBuildFile; fileRef = E79AAC592A531E3300F3F439 /* NanumMyeongjoOTF.otf */; };
		E7A94CC42AA484E300F231D0 /* SignInVC.swift in Sources */ = {isa = PBXBuildFile; fileRef = E7A94CC32AA484E300F231D0 /* SignInVC.swift */; };
		E7A94CC72AA6A46800F231D0 /* KakaoSDKAuth in Frameworks */ = {isa = PBXBuildFile; productRef = E7A94CC62AA6A46800F231D0 /* KakaoSDKAuth */; };
		E7A94CC92AA6A46800F231D0 /* KakaoSDKCommon in Frameworks */ = {isa = PBXBuildFile; productRef = E7A94CC82AA6A46800F231D0 /* KakaoSDKCommon */; };
		E7A94CCB2AA6A46800F231D0 /* KakaoSDKUser in Frameworks */ = {isa = PBXBuildFile; productRef = E7A94CCA2AA6A46800F231D0 /* KakaoSDKUser */; };
		E7A94CCD2AAC149900F231D0 /* Environment.swift in Sources */ = {isa = PBXBuildFile; fileRef = E7A94CCC2AAC149900F231D0 /* Environment.swift */; };
		E7A94CCF2AAD9F9100F231D0 /* HomeWorryEditVC.swift in Sources */ = {isa = PBXBuildFile; fileRef = E7A94CCE2AAD9F9100F231D0 /* HomeWorryEditVC.swift */; };
		E7A94CD32AB0910F00F231D0 /* KaeraAlertVC.swift in Sources */ = {isa = PBXBuildFile; fileRef = E7A94CD22AB0910F00F231D0 /* KaeraAlertVC.swift */; };
		E7AC12212A51CFFD00FE504C /* GeneralResponse.swift in Sources */ = {isa = PBXBuildFile; fileRef = E7AC12202A51CFFD00FE504C /* GeneralResponse.swift */; };
		E7AC12232A51D08300FE504C /* Temp_DataModel.swift in Sources */ = {isa = PBXBuildFile; fileRef = E7AC12222A51D08300FE504C /* Temp_DataModel.swift */; };
		E7AC122F2A51D54900FE504C /* CombineMoya in Frameworks */ = {isa = PBXBuildFile; productRef = E7AC122E2A51D54900FE504C /* CombineMoya */; };
		E7AC12312A51D54900FE504C /* Moya in Frameworks */ = {isa = PBXBuildFile; productRef = E7AC12302A51D54900FE504C /* Moya */; };
		E7AC12342A51D56F00FE504C /* SnapKit in Frameworks */ = {isa = PBXBuildFile; productRef = E7AC12332A51D56F00FE504C /* SnapKit */; };
		E7B091302B0DF6AA00F47BEB /* AuthInterceptor.swift in Sources */ = {isa = PBXBuildFile; fileRef = E7B0912F2B0DF6AA00F47BEB /* AuthInterceptor.swift */; };
		E7B94D702ADDF9B8005D9FB8 /* MyPageTVC.swift in Sources */ = {isa = PBXBuildFile; fileRef = E7B94D6F2ADDF9B8005D9FB8 /* MyPageTVC.swift */; };
		E7B94D722ADDF9F3005D9FB8 /* MyPageTVHeaderView.swift in Sources */ = {isa = PBXBuildFile; fileRef = E7B94D712ADDF9F3005D9FB8 /* MyPageTVHeaderView.swift */; };
		E7B94D742ADE9A35005D9FB8 /* MyPaggeViewModel.swift in Sources */ = {isa = PBXBuildFile; fileRef = E7B94D732ADE9A35005D9FB8 /* MyPaggeViewModel.swift */; };
		E7B94D782ADEAAB3005D9FB8 /* MyPageTVFooterView.swift in Sources */ = {isa = PBXBuildFile; fileRef = E7B94D772ADEAAB3005D9FB8 /* MyPageTVFooterView.swift */; };
		E7B94D7A2ADEB403005D9FB8 /* MyPageTVCModel.swift in Sources */ = {isa = PBXBuildFile; fileRef = E7B94D792ADEB403005D9FB8 /* MyPageTVCModel.swift */; };
		E7B94D7C2AE00C42005D9FB8 /* PushSettingInfo.swift in Sources */ = {isa = PBXBuildFile; fileRef = E7B94D7B2AE00C42005D9FB8 /* PushSettingInfo.swift */; };
		E7BB4F3B2A5ED3610018312B /* HomeVC.swift in Sources */ = {isa = PBXBuildFile; fileRef = E7BB4F3A2A5ED3610018312B /* HomeVC.swift */; };
		E7BB4F472A5EF7060018312B /* HomeGemListViewModel.swift in Sources */ = {isa = PBXBuildFile; fileRef = E7BB4F462A5EF7060018312B /* HomeGemListViewModel.swift */; };
		E7BB4F492A5EF7320018312B /* HomeGemListModel.swift in Sources */ = {isa = PBXBuildFile; fileRef = E7BB4F482A5EF7320018312B /* HomeGemListModel.swift */; };
		E7BB4F4F2A5EF81C0018312B /* WorryListViewModel.swift in Sources */ = {isa = PBXBuildFile; fileRef = E7BB4F4E2A5EF81C0018312B /* WorryListViewModel.swift */; };
		E7BB4F512A5EF8260018312B /* WorryListModel.swift in Sources */ = {isa = PBXBuildFile; fileRef = E7BB4F502A5EF8260018312B /* WorryListModel.swift */; };
		E7BB4F552A604FC10018312B /* GemStoneCVC.swift in Sources */ = {isa = PBXBuildFile; fileRef = E7BB4F542A604FC10018312B /* GemStoneCVC.swift */; };
		E7C30F612A533D08002BD782 /* NanumSquareNeoTTF-aLt.ttf in Resources */ = {isa = PBXBuildFile; fileRef = E7C30F5E2A533D08002BD782 /* NanumSquareNeoTTF-aLt.ttf */; };
		E7C30F622A533D08002BD782 /* NanumSquareNeoTTF-bRg.ttf in Resources */ = {isa = PBXBuildFile; fileRef = E7C30F5F2A533D08002BD782 /* NanumSquareNeoTTF-bRg.ttf */; };
		E7C30F632A533D08002BD782 /* NanumSquareNeoTTF-cBd.ttf in Resources */ = {isa = PBXBuildFile; fileRef = E7C30F602A533D08002BD782 /* NanumSquareNeoTTF-cBd.ttf */; };
		E7C808E92A4D37F800F475CE /* AppDelegate.swift in Sources */ = {isa = PBXBuildFile; fileRef = E7C808E82A4D37F800F475CE /* AppDelegate.swift */; };
		E7C808EB2A4D37F800F475CE /* SceneDelegate.swift in Sources */ = {isa = PBXBuildFile; fileRef = E7C808EA2A4D37F800F475CE /* SceneDelegate.swift */; };
		E7C808F22A4D37FA00F475CE /* Assets.xcassets in Resources */ = {isa = PBXBuildFile; fileRef = E7C808F12A4D37FA00F475CE /* Assets.xcassets */; };
		E7DE36242AE4F59900B0DC67 /* MyPageDataType.swift in Sources */ = {isa = PBXBuildFile; fileRef = E7DE36232AE4F59900B0DC67 /* MyPageDataType.swift */; };
		E7F8CC642B10712600066BB1 /* OnboardingVC.swift in Sources */ = {isa = PBXBuildFile; fileRef = E7F8CC622B10712600066BB1 /* OnboardingVC.swift */; };
		E7F8CC652B10712600066BB1 /* CustomPageControl.swift in Sources */ = {isa = PBXBuildFile; fileRef = E7F8CC632B10712600066BB1 /* CustomPageControl.swift */; };
		E7FEC0962A6CFD12006F36BF /* HomeWorryDetailFooterView.swift in Sources */ = {isa = PBXBuildFile; fileRef = E7FEC0952A6CFD12006F36BF /* HomeWorryDetailFooterView.swift */; };
		E7FEC0982A6D1274006F36BF /* HomeWorryDetailViewModel.swift in Sources */ = {isa = PBXBuildFile; fileRef = E7FEC0972A6D1274006F36BF /* HomeWorryDetailViewModel.swift */; };
		E7FEC09A2A6D1725006F36BF /* WorryDetailModel.swift in Sources */ = {isa = PBXBuildFile; fileRef = E7FEC0992A6D1725006F36BF /* WorryDetailModel.swift */; };
		E7FEC09E2A6F6C76006F36BF /* ViewModelType.swift in Sources */ = {isa = PBXBuildFile; fileRef = E7FEC09D2A6F6C76006F36BF /* ViewModelType.swift */; };
/* End PBXBuildFile section */

/* Begin PBXFileReference section */
		850C55952ADB2AA00088ABBB /* WorryPatchManager.swift */ = {isa = PBXFileReference; lastKnownFileType = sourcecode.swift; path = WorryPatchManager.swift; sourceTree = "<group>"; };
		85831C312AF0F5F2008839A0 /* CompleteWorryModel.swift */ = {isa = PBXFileReference; lastKnownFileType = sourcecode.swift; path = CompleteWorryModel.swift; sourceTree = "<group>"; };
		85887D812A5C429F00F7FB21 /* WriteModalVC.swift */ = {isa = PBXFileReference; lastKnownFileType = sourcecode.swift; path = WriteModalVC.swift; sourceTree = "<group>"; };
		85887D832A5C42A700F7FB21 /* WriteModalCVC.swift */ = {isa = PBXFileReference; lastKnownFileType = sourcecode.swift; path = WriteModalCVC.swift; sourceTree = "<group>"; };
		85887D8B2A5D084800F7FB21 /* TemplateListModel.swift */ = {isa = PBXFileReference; lastKnownFileType = sourcecode.swift; path = TemplateListModel.swift; sourceTree = "<group>"; };
		85887D8D2A5D086300F7FB21 /* TemplateViewModel.swift */ = {isa = PBXFileReference; lastKnownFileType = sourcecode.swift; path = TemplateViewModel.swift; sourceTree = "<group>"; };
		85887D8F2A5EFA2C00F7FB21 /* WritePickerVC.swift */ = {isa = PBXFileReference; lastKnownFileType = sourcecode.swift; path = WritePickerVC.swift; sourceTree = "<group>"; };
		85887D912A60320A00F7FB21 /* ArchiveHeaderView.swift */ = {isa = PBXFileReference; lastKnownFileType = sourcecode.swift; path = ArchiveHeaderView.swift; sourceTree = "<group>"; };
		85887D932A603A9900F7FB21 /* WorryListCVC.swift */ = {isa = PBXFileReference; lastKnownFileType = sourcecode.swift; path = WorryListCVC.swift; sourceTree = "<group>"; };
		85887D962A60430600F7FB21 /* ArchiveModalCVC.swift */ = {isa = PBXFileReference; lastKnownFileType = sourcecode.swift; path = ArchiveModalCVC.swift; sourceTree = "<group>"; };
		85887D982A60431000F7FB21 /* ArchiveModalVC.swift */ = {isa = PBXFileReference; lastKnownFileType = sourcecode.swift; path = ArchiveModalVC.swift; sourceTree = "<group>"; };
		85887D9B2A605D0B00F7FB21 /* TemplateInfoVC.swift */ = {isa = PBXFileReference; lastKnownFileType = sourcecode.swift; path = TemplateInfoVC.swift; sourceTree = "<group>"; };
		85887D9D2A61219700F7FB21 /* TemplateInfoHeaderView.swift */ = {isa = PBXFileReference; lastKnownFileType = sourcecode.swift; path = TemplateInfoHeaderView.swift; sourceTree = "<group>"; };
		85887D9F2A612E1000F7FB21 /* TemplateInfoTVC.swift */ = {isa = PBXFileReference; lastKnownFileType = sourcecode.swift; path = TemplateInfoTVC.swift; sourceTree = "<group>"; };
		85A8492A2A87A13B009F1468 /* TemplateContentViewModel.swift */ = {isa = PBXFileReference; lastKnownFileType = sourcecode.swift; path = TemplateContentViewModel.swift; sourceTree = "<group>"; };
		85A8492C2A87A3FF009F1468 /* TemplateContentModel.swift */ = {isa = PBXFileReference; lastKnownFileType = sourcecode.swift; path = TemplateContentModel.swift; sourceTree = "<group>"; };
		85A8492E2A87A9EC009F1468 /* TemplateContentTV.swift */ = {isa = PBXFileReference; lastKnownFileType = sourcecode.swift; path = TemplateContentTV.swift; sourceTree = "<group>"; };
		85A849302A87A9F7009F1468 /* TemplateContentTVC.swift */ = {isa = PBXFileReference; lastKnownFileType = sourcecode.swift; path = TemplateContentTVC.swift; sourceTree = "<group>"; };
		85A849322A87DA36009F1468 /* TemplateContentHeaderView.swift */ = {isa = PBXFileReference; lastKnownFileType = sourcecode.swift; path = TemplateContentHeaderView.swift; sourceTree = "<group>"; };
		85E349482AC06C63007D9956 /* WorryPostManager.swift */ = {isa = PBXFileReference; lastKnownFileType = sourcecode.swift; path = WorryPostManager.swift; sourceTree = "<group>"; };
		85EBC7F02A5AD7BC00B9E891 /* KaeraTabbarController.swift */ = {isa = PBXFileReference; lastKnownFileType = sourcecode.swift; path = KaeraTabbarController.swift; sourceTree = "<group>"; };
		85EBC7F22A5AD93200B9E891 /* HomeGemStoneVC.swift */ = {isa = PBXFileReference; lastKnownFileType = sourcecode.swift; path = HomeGemStoneVC.swift; sourceTree = "<group>"; };
		85EBC7F42A5AD94100B9E891 /* WriteVC.swift */ = {isa = PBXFileReference; lastKnownFileType = sourcecode.swift; path = WriteVC.swift; sourceTree = "<group>"; };
		85EBC7F62A5AD95D00B9E891 /* ArchiveVC.swift */ = {isa = PBXFileReference; lastKnownFileType = sourcecode.swift; path = ArchiveVC.swift; sourceTree = "<group>"; };
		85ECEE462A9A117E00A624AE /* ArchiveAPI.swift */ = {isa = PBXFileReference; lastKnownFileType = sourcecode.swift; path = ArchiveAPI.swift; sourceTree = "<group>"; };
		85ECEE482A9A406B00A624AE /* ArchiveService.swift */ = {isa = PBXFileReference; lastKnownFileType = sourcecode.swift; path = ArchiveService.swift; sourceTree = "<group>"; };
		85ECEE4A2A9B815E00A624AE /* WriteService.swift */ = {isa = PBXFileReference; lastKnownFileType = sourcecode.swift; path = WriteService.swift; sourceTree = "<group>"; };
		85ECEE4C2A9B821500A624AE /* WriteAPI.swift */ = {isa = PBXFileReference; lastKnownFileType = sourcecode.swift; path = WriteAPI.swift; sourceTree = "<group>"; };
		E70764662ABFF24700627AA7 /* AuthService.swift */ = {isa = PBXFileReference; lastKnownFileType = sourcecode.swift; path = AuthService.swift; sourceTree = "<group>"; };
		E70764682ABFF68800627AA7 /* AuthAPI.swift */ = {isa = PBXFileReference; lastKnownFileType = sourcecode.swift; path = AuthAPI.swift; sourceTree = "<group>"; };
		E707646D2ABFF7E800627AA7 /* SignInModel.swift */ = {isa = PBXFileReference; lastKnownFileType = sourcecode.swift; path = SignInModel.swift; sourceTree = "<group>"; };
		E70764722ABFFF9200627AA7 /* SignInViewModel.swift */ = {isa = PBXFileReference; lastKnownFileType = sourcecode.swift; path = SignInViewModel.swift; sourceTree = "<group>"; };
		E70764742AC06B6000627AA7 /* KeyChainManager.swift */ = {isa = PBXFileReference; lastKnownFileType = sourcecode.swift; path = KeyChainManager.swift; sourceTree = "<group>"; };
		E70764EA2AC9980600627AA7 /* GoogleService-Info.plist */ = {isa = PBXFileReference; fileEncoding = 4; lastKnownFileType = text.plist.xml; path = "GoogleService-Info.plist"; sourceTree = "<group>"; };
		E70C7C9E2A908574006B2E74 /* Secrets.xcconfig */ = {isa = PBXFileReference; lastKnownFileType = text.xcconfig; path = Secrets.xcconfig; sourceTree = "<group>"; };
		E70C7CA02A90959A006B2E74 /* HomeService.swift */ = {isa = PBXFileReference; lastKnownFileType = sourcecode.swift; path = HomeService.swift; sourceTree = "<group>"; };
		E70C7CA22A909829006B2E74 /* HomeAPI.swift */ = {isa = PBXFileReference; lastKnownFileType = sourcecode.swift; path = HomeAPI.swift; sourceTree = "<group>"; };
		E71FC2252AD284D9001DD27D /* SplashVC.swift */ = {isa = PBXFileReference; lastKnownFileType = sourcecode.swift; path = SplashVC.swift; sourceTree = "<group>"; };
		E71FC22B2AD29400001DD27D /* RenewalTokenModel.swift */ = {isa = PBXFileReference; lastKnownFileType = sourcecode.swift; path = RenewalTokenModel.swift; sourceTree = "<group>"; };
		E71FC2432ADC01B6001DD27D /* MyPageVC.swift */ = {isa = PBXFileReference; lastKnownFileType = sourcecode.swift; path = MyPageVC.swift; sourceTree = "<group>"; };
		E72D6AEA2B1C255F00CF8B01 /* kaera_loading.json */ = {isa = PBXFileReference; fileEncoding = 4; lastKnownFileType = text.json; path = kaera_loading.json; sourceTree = "<group>"; };
		E72D6AF22B1C907800CF8B01 /* EditWorryResponseModel.swift */ = {isa = PBXFileReference; lastKnownFileType = sourcecode.swift; path = EditWorryResponseModel.swift; sourceTree = "<group>"; };
		E72D6AF52B21E1A500CF8B01 /* WriteEmptyView.swift */ = {isa = PBXFileReference; lastKnownFileType = sourcecode.swift; path = WriteEmptyView.swift; sourceTree = "<group>"; };
		E73A4C152B31234600C019EF /* Settings.bundle */ = {isa = PBXFileReference; lastKnownFileType = "wrapper.plug-in"; path = Settings.bundle; sourceTree = "<group>"; };
		E73CA3D92A69300F00BAC9D6 /* HomePublisherModel.swift */ = {isa = PBXFileReference; lastKnownFileType = sourcecode.swift; path = HomePublisherModel.swift; sourceTree = "<group>"; };
		E73CA3DB2A693C9D00BAC9D6 /* GemStoneEmptyView.swift */ = {isa = PBXFileReference; lastKnownFileType = sourcecode.swift; path = GemStoneEmptyView.swift; sourceTree = "<group>"; };
		E73CA3DE2A6A62F700BAC9D6 /* HomeWorryDetailVC.swift */ = {isa = PBXFileReference; lastKnownFileType = sourcecode.swift; path = HomeWorryDetailVC.swift; sourceTree = "<group>"; };
		E73CA3E12A6A688A00BAC9D6 /* CustomNavigationBarView.swift */ = {isa = PBXFileReference; lastKnownFileType = sourcecode.swift; path = CustomNavigationBarView.swift; sourceTree = "<group>"; };
		E73CA3E32A6AB09100BAC9D6 /* HomeWorryDetailTVC.swift */ = {isa = PBXFileReference; lastKnownFileType = sourcecode.swift; path = HomeWorryDetailTVC.swift; sourceTree = "<group>"; };
		E73CA3E62A6B5D2500BAC9D6 /* HomeWorryDetailHeaderView.swift */ = {isa = PBXFileReference; lastKnownFileType = sourcecode.swift; path = HomeWorryDetailHeaderView.swift; sourceTree = "<group>"; };
		E74968D52A74B84100C3C0CF /* WorryDetailReviewView.swift */ = {isa = PBXFileReference; lastKnownFileType = sourcecode.swift; path = WorryDetailReviewView.swift; sourceTree = "<group>"; };
		E749692F2A7B2DF000C3C0CF /* WorryDecisionVC.swift */ = {isa = PBXFileReference; lastKnownFileType = sourcecode.swift; path = WorryDecisionVC.swift; sourceTree = "<group>"; };
		E74969332A80AE2100C3C0CF /* WorryQuoteView.swift */ = {isa = PBXFileReference; lastKnownFileType = sourcecode.swift; path = WorryQuoteView.swift; sourceTree = "<group>"; };
		E76C7AD42B1490D4008BE56B /* UserDefaults+.swift */ = {isa = PBXFileReference; lastKnownFileType = sourcecode.swift; path = "UserDefaults+.swift"; sourceTree = "<group>"; };
		E772E70C2AF9AE650098E091 /* HomeGemStoneCount.swift */ = {isa = PBXFileReference; lastKnownFileType = sourcecode.swift; path = HomeGemStoneCount.swift; sourceTree = "<group>"; };
		E78B648A2AF85FA00046215D /* WorryReviewModel.swift */ = {isa = PBXFileReference; lastKnownFileType = sourcecode.swift; path = WorryReviewModel.swift; sourceTree = "<group>"; };
		E79AAC1E2A52F16300F3F439 /* ImageCacheManager.swift */ = {isa = PBXFileReference; fileEncoding = 4; lastKnownFileType = sourcecode.swift; path = ImageCacheManager.swift; sourceTree = "<group>"; };
		E79AAC202A52F19300F3F439 /* ToastMessageColorType.swift */ = {isa = PBXFileReference; fileEncoding = 4; lastKnownFileType = sourcecode.swift; path = ToastMessageColorType.swift; sourceTree = "<group>"; };
		E79AAC222A52F2C200F3F439 /* String+.swift */ = {isa = PBXFileReference; fileEncoding = 4; lastKnownFileType = sourcecode.swift; path = "String+.swift"; sourceTree = "<group>"; };
		E79AAC232A52F2C200F3F439 /* UIView+.swift */ = {isa = PBXFileReference; fileEncoding = 4; lastKnownFileType = sourcecode.swift; path = "UIView+.swift"; sourceTree = "<group>"; };
		E79AAC242A52F2C200F3F439 /* UIColor+.swift */ = {isa = PBXFileReference; fileEncoding = 4; lastKnownFileType = sourcecode.swift; path = "UIColor+.swift"; sourceTree = "<group>"; };
		E79AAC252A52F2C200F3F439 /* UITextField+.swift */ = {isa = PBXFileReference; fileEncoding = 4; lastKnownFileType = sourcecode.swift; path = "UITextField+.swift"; sourceTree = "<group>"; };
		E79AAC262A52F2C200F3F439 /* UIViewController+.swift */ = {isa = PBXFileReference; fileEncoding = 4; lastKnownFileType = sourcecode.swift; path = "UIViewController+.swift"; sourceTree = "<group>"; };
		E79AAC272A52F2C200F3F439 /* UIImageView+.swift */ = {isa = PBXFileReference; fileEncoding = 4; lastKnownFileType = sourcecode.swift; path = "UIImageView+.swift"; sourceTree = "<group>"; };
		E79AAC282A52F2C200F3F439 /* UILabel+.swift */ = {isa = PBXFileReference; fileEncoding = 4; lastKnownFileType = sourcecode.swift; path = "UILabel+.swift"; sourceTree = "<group>"; };
		E79AAC292A52F2C200F3F439 /* CALayer+.swift */ = {isa = PBXFileReference; fileEncoding = 4; lastKnownFileType = sourcecode.swift; path = "CALayer+.swift"; sourceTree = "<group>"; };
		E79AAC2A2A52F2C200F3F439 /* UIStackView+.swift */ = {isa = PBXFileReference; fileEncoding = 4; lastKnownFileType = sourcecode.swift; path = "UIStackView+.swift"; sourceTree = "<group>"; };
		E79AAC2B2A52F2C300F3F439 /* UICollectionVIew+.swift */ = {isa = PBXFileReference; fileEncoding = 4; lastKnownFileType = sourcecode.swift; path = "UICollectionVIew+.swift"; sourceTree = "<group>"; };
		E79AAC2C2A52F2C300F3F439 /* Adjusted+.swift */ = {isa = PBXFileReference; fileEncoding = 4; lastKnownFileType = sourcecode.swift; path = "Adjusted+.swift"; sourceTree = "<group>"; };
		E79AAC2D2A52F2C300F3F439 /* UIButton+.swift */ = {isa = PBXFileReference; fileEncoding = 4; lastKnownFileType = sourcecode.swift; path = "UIButton+.swift"; sourceTree = "<group>"; };
		E79AAC2E2A52F2C300F3F439 /* NSObject+.swift */ = {isa = PBXFileReference; fileEncoding = 4; lastKnownFileType = sourcecode.swift; path = "NSObject+.swift"; sourceTree = "<group>"; };
		E79AAC2F2A52F2C300F3F439 /* UIFont+.swift */ = {isa = PBXFileReference; fileEncoding = 4; lastKnownFileType = sourcecode.swift; path = "UIFont+.swift"; sourceTree = "<group>"; };
		E79AAC3E2A52F36500F3F439 /* APIConstant.swift */ = {isa = PBXFileReference; fileEncoding = 4; lastKnownFileType = sourcecode.swift; path = APIConstant.swift; sourceTree = "<group>"; };
		E79AAC3F2A52F36500F3F439 /* BaseTargetType.swift */ = {isa = PBXFileReference; fileEncoding = 4; lastKnownFileType = sourcecode.swift; path = BaseTargetType.swift; sourceTree = "<group>"; };
		E79AAC402A52F36500F3F439 /* MoyaLoggingPlugin.swift */ = {isa = PBXFileReference; fileEncoding = 4; lastKnownFileType = sourcecode.swift; path = MoyaLoggingPlugin.swift; sourceTree = "<group>"; };
		E79AAC412A52F36500F3F439 /* NetworkConstant.swift */ = {isa = PBXFileReference; fileEncoding = 4; lastKnownFileType = sourcecode.swift; path = NetworkConstant.swift; sourceTree = "<group>"; };
		E79AAC422A52F36500F3F439 /* NetworkResult.swift */ = {isa = PBXFileReference; fileEncoding = 4; lastKnownFileType = sourcecode.swift; path = NetworkResult.swift; sourceTree = "<group>"; };
		E79AAC482A52F3E000F3F439 /* BaseVC.swift */ = {isa = PBXFileReference; fileEncoding = 4; lastKnownFileType = sourcecode.swift; path = BaseVC.swift; sourceTree = "<group>"; };
		E79AAC492A52F3E000F3F439 /* BaseNC.swift */ = {isa = PBXFileReference; fileEncoding = 4; lastKnownFileType = sourcecode.swift; path = BaseNC.swift; sourceTree = "<group>"; };
		E79AAC592A531E3300F3F439 /* NanumMyeongjoOTF.otf */ = {isa = PBXFileReference; lastKnownFileType = file; path = NanumMyeongjoOTF.otf; sourceTree = "<group>"; };
		E7A94CC12AA4569300F231D0 /* KAERA.entitlements */ = {isa = PBXFileReference; lastKnownFileType = text.plist.entitlements; path = KAERA.entitlements; sourceTree = "<group>"; };
		E7A94CC32AA484E300F231D0 /* SignInVC.swift */ = {isa = PBXFileReference; lastKnownFileType = sourcecode.swift; path = SignInVC.swift; sourceTree = "<group>"; };
		E7A94CCC2AAC149900F231D0 /* Environment.swift */ = {isa = PBXFileReference; lastKnownFileType = sourcecode.swift; path = Environment.swift; sourceTree = "<group>"; };
		E7A94CCE2AAD9F9100F231D0 /* HomeWorryEditVC.swift */ = {isa = PBXFileReference; lastKnownFileType = sourcecode.swift; path = HomeWorryEditVC.swift; sourceTree = "<group>"; };
		E7A94CD22AB0910F00F231D0 /* KaeraAlertVC.swift */ = {isa = PBXFileReference; lastKnownFileType = sourcecode.swift; path = KaeraAlertVC.swift; sourceTree = "<group>"; };
		E7AC12202A51CFFD00FE504C /* GeneralResponse.swift */ = {isa = PBXFileReference; lastKnownFileType = sourcecode.swift; path = GeneralResponse.swift; sourceTree = "<group>"; };
		E7AC12222A51D08300FE504C /* Temp_DataModel.swift */ = {isa = PBXFileReference; lastKnownFileType = sourcecode.swift; path = Temp_DataModel.swift; sourceTree = "<group>"; };
		E7B0912F2B0DF6AA00F47BEB /* AuthInterceptor.swift */ = {isa = PBXFileReference; lastKnownFileType = sourcecode.swift; path = AuthInterceptor.swift; sourceTree = "<group>"; };
		E7B94D6F2ADDF9B8005D9FB8 /* MyPageTVC.swift */ = {isa = PBXFileReference; lastKnownFileType = sourcecode.swift; path = MyPageTVC.swift; sourceTree = "<group>"; };
		E7B94D712ADDF9F3005D9FB8 /* MyPageTVHeaderView.swift */ = {isa = PBXFileReference; lastKnownFileType = sourcecode.swift; path = MyPageTVHeaderView.swift; sourceTree = "<group>"; };
		E7B94D732ADE9A35005D9FB8 /* MyPaggeViewModel.swift */ = {isa = PBXFileReference; lastKnownFileType = sourcecode.swift; path = MyPaggeViewModel.swift; sourceTree = "<group>"; };
		E7B94D772ADEAAB3005D9FB8 /* MyPageTVFooterView.swift */ = {isa = PBXFileReference; lastKnownFileType = sourcecode.swift; path = MyPageTVFooterView.swift; sourceTree = "<group>"; };
		E7B94D792ADEB403005D9FB8 /* MyPageTVCModel.swift */ = {isa = PBXFileReference; lastKnownFileType = sourcecode.swift; path = MyPageTVCModel.swift; sourceTree = "<group>"; };
		E7B94D7B2AE00C42005D9FB8 /* PushSettingInfo.swift */ = {isa = PBXFileReference; lastKnownFileType = sourcecode.swift; path = PushSettingInfo.swift; sourceTree = "<group>"; };
		E7BB4F3A2A5ED3610018312B /* HomeVC.swift */ = {isa = PBXFileReference; lastKnownFileType = sourcecode.swift; path = HomeVC.swift; sourceTree = "<group>"; };
		E7BB4F462A5EF7060018312B /* HomeGemListViewModel.swift */ = {isa = PBXFileReference; lastKnownFileType = sourcecode.swift; path = HomeGemListViewModel.swift; sourceTree = "<group>"; };
		E7BB4F482A5EF7320018312B /* HomeGemListModel.swift */ = {isa = PBXFileReference; lastKnownFileType = sourcecode.swift; path = HomeGemListModel.swift; sourceTree = "<group>"; };
		E7BB4F4E2A5EF81C0018312B /* WorryListViewModel.swift */ = {isa = PBXFileReference; lastKnownFileType = sourcecode.swift; path = WorryListViewModel.swift; sourceTree = "<group>"; };
		E7BB4F502A5EF8260018312B /* WorryListModel.swift */ = {isa = PBXFileReference; lastKnownFileType = sourcecode.swift; path = WorryListModel.swift; sourceTree = "<group>"; };
		E7BB4F542A604FC10018312B /* GemStoneCVC.swift */ = {isa = PBXFileReference; lastKnownFileType = sourcecode.swift; path = GemStoneCVC.swift; sourceTree = "<group>"; };
		E7C30F5E2A533D08002BD782 /* NanumSquareNeoTTF-aLt.ttf */ = {isa = PBXFileReference; lastKnownFileType = file; path = "NanumSquareNeoTTF-aLt.ttf"; sourceTree = "<group>"; };
		E7C30F5F2A533D08002BD782 /* NanumSquareNeoTTF-bRg.ttf */ = {isa = PBXFileReference; lastKnownFileType = file; path = "NanumSquareNeoTTF-bRg.ttf"; sourceTree = "<group>"; };
		E7C30F602A533D08002BD782 /* NanumSquareNeoTTF-cBd.ttf */ = {isa = PBXFileReference; lastKnownFileType = file; path = "NanumSquareNeoTTF-cBd.ttf"; sourceTree = "<group>"; };
		E7C808E52A4D37F800F475CE /* KAERA.app */ = {isa = PBXFileReference; explicitFileType = wrapper.application; includeInIndex = 0; path = KAERA.app; sourceTree = BUILT_PRODUCTS_DIR; };
		E7C808E82A4D37F800F475CE /* AppDelegate.swift */ = {isa = PBXFileReference; lastKnownFileType = sourcecode.swift; path = AppDelegate.swift; sourceTree = "<group>"; };
		E7C808EA2A4D37F800F475CE /* SceneDelegate.swift */ = {isa = PBXFileReference; lastKnownFileType = sourcecode.swift; path = SceneDelegate.swift; sourceTree = "<group>"; };
		E7C808F12A4D37FA00F475CE /* Assets.xcassets */ = {isa = PBXFileReference; lastKnownFileType = folder.assetcatalog; path = Assets.xcassets; sourceTree = "<group>"; };
		E7C808F62A4D37FA00F475CE /* Info.plist */ = {isa = PBXFileReference; lastKnownFileType = text.plist.xml; path = Info.plist; sourceTree = "<group>"; };
		E7DE36232AE4F59900B0DC67 /* MyPageDataType.swift */ = {isa = PBXFileReference; lastKnownFileType = sourcecode.swift; path = MyPageDataType.swift; sourceTree = "<group>"; };
		E7F8CC622B10712600066BB1 /* OnboardingVC.swift */ = {isa = PBXFileReference; fileEncoding = 4; lastKnownFileType = sourcecode.swift; path = OnboardingVC.swift; sourceTree = "<group>"; };
		E7F8CC632B10712600066BB1 /* CustomPageControl.swift */ = {isa = PBXFileReference; fileEncoding = 4; lastKnownFileType = sourcecode.swift; path = CustomPageControl.swift; sourceTree = "<group>"; };
		E7FEC0952A6CFD12006F36BF /* HomeWorryDetailFooterView.swift */ = {isa = PBXFileReference; lastKnownFileType = sourcecode.swift; path = HomeWorryDetailFooterView.swift; sourceTree = "<group>"; };
		E7FEC0972A6D1274006F36BF /* HomeWorryDetailViewModel.swift */ = {isa = PBXFileReference; lastKnownFileType = sourcecode.swift; path = HomeWorryDetailViewModel.swift; sourceTree = "<group>"; };
		E7FEC0992A6D1725006F36BF /* WorryDetailModel.swift */ = {isa = PBXFileReference; lastKnownFileType = sourcecode.swift; path = WorryDetailModel.swift; sourceTree = "<group>"; };
		E7FEC09D2A6F6C76006F36BF /* ViewModelType.swift */ = {isa = PBXFileReference; lastKnownFileType = sourcecode.swift; path = ViewModelType.swift; sourceTree = "<group>"; };
/* End PBXFileReference section */

/* Begin PBXFrameworksBuildPhase section */
		E7C808E22A4D37F800F475CE /* Frameworks */ = {
			isa = PBXFrameworksBuildPhase;
			buildActionMask = 2147483647;
			files = (
				E7AC12342A51D56F00FE504C /* SnapKit in Frameworks */,
				E7AC12312A51D54900FE504C /* Moya in Frameworks */,
				E70764DF2AC9972400627AA7 /* FirebasePerformance in Frameworks */,
				E70764B32AC9972400627AA7 /* FirebaseAnalytics in Frameworks */,
				E70764D92AC9972400627AA7 /* FirebaseInstallations in Frameworks */,
				E70764BD2AC9972400627AA7 /* FirebaseAppDistribution-Beta in Frameworks */,
				E70764E72AC9972400627AA7 /* FirebaseStorageCombine-Community in Frameworks */,
				E70764D52AC9972400627AA7 /* FirebaseInAppMessaging-Beta in Frameworks */,
				E70764C12AC9972400627AA7 /* FirebaseAuthCombine-Community in Frameworks */,
				E70764E52AC9972400627AA7 /* FirebaseStorage in Frameworks */,
				E70764CF2AC9972400627AA7 /* FirebaseFirestoreSwift in Frameworks */,
				E70764E32AC9972400627AA7 /* FirebaseRemoteConfigSwift in Frameworks */,
				E7AC122F2A51D54900FE504C /* CombineMoya in Frameworks */,
				E70764D72AC9972400627AA7 /* FirebaseInAppMessagingSwift-Beta in Frameworks */,
				E70764CD2AC9972400627AA7 /* FirebaseFirestoreCombine-Community in Frameworks */,
				E72D6AE82B1C234000CF8B01 /* Lottie in Frameworks */,
				E70764E12AC9972400627AA7 /* FirebaseRemoteConfig in Frameworks */,
				E70764BF2AC9972400627AA7 /* FirebaseAuth in Frameworks */,
				E70764C52AC9972400627AA7 /* FirebaseDatabase in Frameworks */,
				E70764BB2AC9972400627AA7 /* FirebaseAppCheck in Frameworks */,
				E70764B92AC9972400627AA7 /* FirebaseAnalyticsWithoutAdIdSupport in Frameworks */,
				E70764B72AC9972400627AA7 /* FirebaseAnalyticsSwift in Frameworks */,
				E70764B52AC9972400627AA7 /* FirebaseAnalyticsOnDeviceConversion in Frameworks */,
				E70764C92AC9972400627AA7 /* FirebaseDynamicLinks in Frameworks */,
				E70764CB2AC9972400627AA7 /* FirebaseFirestore in Frameworks */,
				E70764C72AC9972400627AA7 /* FirebaseDatabaseSwift in Frameworks */,
				E70764D12AC9972400627AA7 /* FirebaseFunctions in Frameworks */,
				E7A94CCB2AA6A46800F231D0 /* KakaoSDKUser in Frameworks */,
				E721EABD2A51D5D900A04AA0 /* Then in Frameworks */,
				E70764C32AC9972400627AA7 /* FirebaseCrashlytics in Frameworks */,
				E7A94CC92AA6A46800F231D0 /* KakaoSDKCommon in Frameworks */,
				E7A94CC72AA6A46800F231D0 /* KakaoSDKAuth in Frameworks */,
				E70764DD2AC9972400627AA7 /* FirebaseMessaging in Frameworks */,
				E70764D32AC9972400627AA7 /* FirebaseFunctionsCombine-Community in Frameworks */,
				E70764DB2AC9972400627AA7 /* FirebaseMLModelDownloader in Frameworks */,
			);
			runOnlyForDeploymentPostprocessing = 0;
		};
/* End PBXFrameworksBuildPhase section */

/* Begin PBXGroup section */
		85887D802A5C428500F7FB21 /* WriteModal */ = {
			isa = PBXGroup;
			children = (
				85887D812A5C429F00F7FB21 /* WriteModalVC.swift */,
				85887D832A5C42A700F7FB21 /* WriteModalCVC.swift */,
			);
			path = WriteModal;
			sourceTree = "<group>";
		};
		85887D892A5D082900F7FB21 /* Model */ = {
			isa = PBXGroup;
			children = (
				85887D8B2A5D084800F7FB21 /* TemplateListModel.swift */,
				85A8492C2A87A3FF009F1468 /* TemplateContentModel.swift */,
			);
			name = Model;
			path = ../Archive/Model;
			sourceTree = "<group>";
		};
		85887D8A2A5D083300F7FB21 /* ViewModel */ = {
			isa = PBXGroup;
			children = (
				85887D8D2A5D086300F7FB21 /* TemplateViewModel.swift */,
				85A8492A2A87A13B009F1468 /* TemplateContentViewModel.swift */,
			);
			name = ViewModel;
			path = ../ViewModel;
			sourceTree = "<group>";
		};
		85887D952A6042E400F7FB21 /* ArchiveModal */ = {
			isa = PBXGroup;
			children = (
				85887D962A60430600F7FB21 /* ArchiveModalCVC.swift */,
				85887D982A60431000F7FB21 /* ArchiveModalVC.swift */,
			);
			path = ArchiveModal;
			sourceTree = "<group>";
		};
		85887D9A2A605CF800F7FB21 /* ArchiveTemplateInfo */ = {
			isa = PBXGroup;
			children = (
				85887D9B2A605D0B00F7FB21 /* TemplateInfoVC.swift */,
				85887D9D2A61219700F7FB21 /* TemplateInfoHeaderView.swift */,
				85887D9F2A612E1000F7FB21 /* TemplateInfoTVC.swift */,
			);
			path = ArchiveTemplateInfo;
			sourceTree = "<group>";
		};
		E707646A2ABFF7A200627AA7 /* View */ = {
			isa = PBXGroup;
			children = (
				E7A94CC32AA484E300F231D0 /* SignInVC.swift */,
				E71FC2432ADC01B6001DD27D /* MyPageVC.swift */,
				E7B94D6F2ADDF9B8005D9FB8 /* MyPageTVC.swift */,
				E7B94D712ADDF9F3005D9FB8 /* MyPageTVHeaderView.swift */,
				E7B94D772ADEAAB3005D9FB8 /* MyPageTVFooterView.swift */,
			);
			path = View;
			sourceTree = "<group>";
		};
		E707646B2ABFF7AF00627AA7 /* Model */ = {
			isa = PBXGroup;
			children = (
				E707646D2ABFF7E800627AA7 /* SignInModel.swift */,
				E7B94D792ADEB403005D9FB8 /* MyPageTVCModel.swift */,
				E7B94D7B2AE00C42005D9FB8 /* PushSettingInfo.swift */,
				E7DE36232AE4F59900B0DC67 /* MyPageDataType.swift */,
				E78B648A2AF85FA00046215D /* WorryReviewModel.swift */,
			);
			path = Model;
			sourceTree = "<group>";
		};
		E707646F2ABFFF6600627AA7 /* ViewModel */ = {
			isa = PBXGroup;
			children = (
				E70764722ABFFF9200627AA7 /* SignInViewModel.swift */,
				E7B94D732ADE9A35005D9FB8 /* MyPaggeViewModel.swift */,
			);
			path = ViewModel;
			sourceTree = "<group>";
		};
		E71FC2242AD284B1001DD27D /* Splash */ = {
			isa = PBXGroup;
			children = (
				E71FC2282AD293AD001DD27D /* View */,
				E71FC22A2AD293C5001DD27D /* Model */,
			);
			path = Splash;
			sourceTree = "<group>";
		};
		E71FC2282AD293AD001DD27D /* View */ = {
			isa = PBXGroup;
			children = (
				E71FC2252AD284D9001DD27D /* SplashVC.swift */,
			);
			path = View;
			sourceTree = "<group>";
		};
		E71FC22A2AD293C5001DD27D /* Model */ = {
			isa = PBXGroup;
			children = (
				E71FC22B2AD29400001DD27D /* RenewalTokenModel.swift */,
			);
			path = Model;
			sourceTree = "<group>";
		};
		E72D6AE92B1C254400CF8B01 /* Animations */ = {
			isa = PBXGroup;
			children = (
				E72D6AEA2B1C255F00CF8B01 /* kaera_loading.json */,
			);
			path = Animations;
			sourceTree = "<group>";
		};
		E73CA3DD2A6A62D000BAC9D6 /* HomeWorryDetail */ = {
			isa = PBXGroup;
			children = (
				E73CA3DE2A6A62F700BAC9D6 /* HomeWorryDetailVC.swift */,
				E73CA3E32A6AB09100BAC9D6 /* HomeWorryDetailTVC.swift */,
				E73CA3E62A6B5D2500BAC9D6 /* HomeWorryDetailHeaderView.swift */,
				E7FEC0952A6CFD12006F36BF /* HomeWorryDetailFooterView.swift */,
				E74968D52A74B84100C3C0CF /* WorryDetailReviewView.swift */,
				E749692F2A7B2DF000C3C0CF /* WorryDecisionVC.swift */,
				E74969332A80AE2100C3C0CF /* WorryQuoteView.swift */,
				E7A94CCE2AAD9F9100F231D0 /* HomeWorryEditVC.swift */,
			);
			path = HomeWorryDetail;
			sourceTree = "<group>";
		};
		E73CA3E02A6A685900BAC9D6 /* Components */ = {
			isa = PBXGroup;
			children = (
				E73CA3E12A6A688A00BAC9D6 /* CustomNavigationBarView.swift */,
				E73CA3DB2A693C9D00BAC9D6 /* GemStoneEmptyView.swift */,
				E7A94CD22AB0910F00F231D0 /* KaeraAlertVC.swift */,
			);
			path = Components;
			sourceTree = "<group>";
		};
		E78C39F12A5138D200A15120 /* Scenes */ = {
			isa = PBXGroup;
			children = (
				85EBC7F02A5AD7BC00B9E891 /* KaeraTabbarController.swift */,
				E73CA3E02A6A685900BAC9D6 /* Components */,
				E71FC2242AD284B1001DD27D /* Splash */,
				E7A94CC22AA484C300F231D0 /* Auth */,
				E78C39F62A5182AA00A15120 /* Home */,
				E78C39F72A5182B100A15120 /* Writing */,
				E78C39F82A5182BC00A15120 /* Archive */,
				E7F8CC602B10712600066BB1 /* Onboarding */,
			);
			path = Scenes;
			sourceTree = "<group>";
		};
		E78C39F22A5138FC00A15120 /* Application */ = {
			isa = PBXGroup;
			children = (
				E7C808F62A4D37FA00F475CE /* Info.plist */,
				E70764EA2AC9980600627AA7 /* GoogleService-Info.plist */,
				E7A94CCC2AAC149900F231D0 /* Environment.swift */,
				E7C808EA2A4D37F800F475CE /* SceneDelegate.swift */,
				E7C808E82A4D37F800F475CE /* AppDelegate.swift */,
				E70764742AC06B6000627AA7 /* KeyChainManager.swift */,
			);
			path = Application;
			sourceTree = "<group>";
		};
		E78C39F52A51394A00A15120 /* Resources */ = {
			isa = PBXGroup;
			children = (
				E72D6AE92B1C254400CF8B01 /* Animations */,
				E79AAC4E2A531C0400F3F439 /* Fonts */,
				E7C808F12A4D37FA00F475CE /* Assets.xcassets */,
			);
			path = Resources;
			sourceTree = "<group>";
		};
		E78C39F62A5182AA00A15120 /* Home */ = {
			isa = PBXGroup;
			children = (
				E7BB4F422A5EF6690018312B /* View */,
				E7BB4F432A5EF66F0018312B /* ViewModel */,
				E7BB4F442A5EF6750018312B /* Model */,
			);
			path = Home;
			sourceTree = "<group>";
		};
		E78C39F72A5182B100A15120 /* Writing */ = {
			isa = PBXGroup;
			children = (
				E7BB4F4C2A5EF7520018312B /* View */,
				85887D8A2A5D083300F7FB21 /* ViewModel */,
				85887D892A5D082900F7FB21 /* Model */,
			);
			path = Writing;
			sourceTree = "<group>";
		};
		E78C39F82A5182BC00A15120 /* Archive */ = {
			isa = PBXGroup;
			children = (
				E7BB4F4D2A5EF7E60018312B /* View */,
				E7BB4F4B2A5EF74D0018312B /* ViewModel */,
				E7BB4F4A2A5EF7450018312B /* Model */,
			);
			path = Archive;
			sourceTree = "<group>";
		};
		E78C3A002A5183D800A15120 /* Extensions */ = {
			isa = PBXGroup;
			children = (
				E79AAC2C2A52F2C300F3F439 /* Adjusted+.swift */,
				E79AAC292A52F2C200F3F439 /* CALayer+.swift */,
				E79AAC2E2A52F2C300F3F439 /* NSObject+.swift */,
				E79AAC222A52F2C200F3F439 /* String+.swift */,
				E79AAC2B2A52F2C300F3F439 /* UICollectionVIew+.swift */,
				E79AAC2D2A52F2C300F3F439 /* UIButton+.swift */,
				E79AAC242A52F2C200F3F439 /* UIColor+.swift */,
				E79AAC2F2A52F2C300F3F439 /* UIFont+.swift */,
				E79AAC272A52F2C200F3F439 /* UIImageView+.swift */,
				E79AAC282A52F2C200F3F439 /* UILabel+.swift */,
				E79AAC2A2A52F2C200F3F439 /* UIStackView+.swift */,
				E79AAC252A52F2C200F3F439 /* UITextField+.swift */,
				E79AAC232A52F2C200F3F439 /* UIView+.swift */,
				E79AAC262A52F2C200F3F439 /* UIViewController+.swift */,
				E76C7AD42B1490D4008BE56B /* UserDefaults+.swift */,
			);
			path = Extensions;
			sourceTree = "<group>";
		};
		E78C3A042A51841100A15120 /* Protocols */ = {
			isa = PBXGroup;
			children = (
				E7FEC09D2A6F6C76006F36BF /* ViewModelType.swift */,
			);
			path = Protocols;
			sourceTree = "<group>";
		};
		E79AAC4E2A531C0400F3F439 /* Fonts */ = {
			isa = PBXGroup;
			children = (
				E7C30F5E2A533D08002BD782 /* NanumSquareNeoTTF-aLt.ttf */,
				E7C30F5F2A533D08002BD782 /* NanumSquareNeoTTF-bRg.ttf */,
				E7C30F602A533D08002BD782 /* NanumSquareNeoTTF-cBd.ttf */,
				E79AAC592A531E3300F3F439 /* NanumMyeongjoOTF.otf */,
			);
			path = Fonts;
			sourceTree = "<group>";
		};
		E7A94CC22AA484C300F231D0 /* Auth */ = {
			isa = PBXGroup;
			children = (
				E707646A2ABFF7A200627AA7 /* View */,
				E707646B2ABFF7AF00627AA7 /* Model */,
				E707646F2ABFFF6600627AA7 /* ViewModel */,
			);
			path = Auth;
			sourceTree = "<group>";
		};
		E7AC12162A51CBA400FE504C /* Global */ = {
			isa = PBXGroup;
			children = (
				E7AC121A2A51CEDC00FE504C /* Base */,
				E7AC12172A51CC8100FE504C /* Components */,
				E78C3A042A51841100A15120 /* Protocols */,
				E78C3A002A5183D800A15120 /* Extensions */,
			);
			path = Global;
			sourceTree = "<group>";
		};
		E7AC12172A51CC8100FE504C /* Components */ = {
			isa = PBXGroup;
			children = (
				E79AAC202A52F19300F3F439 /* ToastMessageColorType.swift */,
			);
			path = Components;
			sourceTree = "<group>";
		};
		E7AC121A2A51CEDC00FE504C /* Base */ = {
			isa = PBXGroup;
			children = (
				E79AAC492A52F3E000F3F439 /* BaseNC.swift */,
				E79AAC482A52F3E000F3F439 /* BaseVC.swift */,
			);
			path = Base;
			sourceTree = "<group>";
		};
		E7AC121B2A51CF8500FE504C /* Network */ = {
			isa = PBXGroup;
			children = (
				E7AC121F2A51CFA700FE504C /* Base */,
				E7AC121E2A51CF9D00FE504C /* DataModels */,
				E7AC121D2A51CF9600FE504C /* Services */,
				E7AC121C2A51CF8E00FE504C /* APIs */,
				E70C7C9E2A908574006B2E74 /* Secrets.xcconfig */,
			);
			path = Network;
			sourceTree = "<group>";
		};
		E7AC121C2A51CF8E00FE504C /* APIs */ = {
			isa = PBXGroup;
			children = (
				E70C7CA22A909829006B2E74 /* HomeAPI.swift */,
				85ECEE462A9A117E00A624AE /* ArchiveAPI.swift */,
				85ECEE4C2A9B821500A624AE /* WriteAPI.swift */,
				E70764682ABFF68800627AA7 /* AuthAPI.swift */,
			);
			path = APIs;
			sourceTree = "<group>";
		};
		E7AC121D2A51CF9600FE504C /* Services */ = {
			isa = PBXGroup;
			children = (
				E70C7CA02A90959A006B2E74 /* HomeService.swift */,
				85ECEE482A9A406B00A624AE /* ArchiveService.swift */,
				85ECEE4A2A9B815E00A624AE /* WriteService.swift */,
				E70764662ABFF24700627AA7 /* AuthService.swift */,
			);
			path = Services;
			sourceTree = "<group>";
		};
		E7AC121E2A51CF9D00FE504C /* DataModels */ = {
			isa = PBXGroup;
			children = (
				E7AC12222A51D08300FE504C /* Temp_DataModel.swift */,
			);
			path = DataModels;
			sourceTree = "<group>";
		};
		E7AC121F2A51CFA700FE504C /* Base */ = {
			isa = PBXGroup;
			children = (
				E79AAC1E2A52F16300F3F439 /* ImageCacheManager.swift */,
				E79AAC3E2A52F36500F3F439 /* APIConstant.swift */,
				E79AAC3F2A52F36500F3F439 /* BaseTargetType.swift */,
				E79AAC402A52F36500F3F439 /* MoyaLoggingPlugin.swift */,
				E79AAC412A52F36500F3F439 /* NetworkConstant.swift */,
				E79AAC422A52F36500F3F439 /* NetworkResult.swift */,
				E7AC12202A51CFFD00FE504C /* GeneralResponse.swift */,
				E7B0912F2B0DF6AA00F47BEB /* AuthInterceptor.swift */,
			);
			path = Base;
			sourceTree = "<group>";
		};
		E7BB4F422A5EF6690018312B /* View */ = {
			isa = PBXGroup;
			children = (
				E7BB4F3A2A5ED3610018312B /* HomeVC.swift */,
				E73CA3DD2A6A62D000BAC9D6 /* HomeWorryDetail */,
				E7BB4F452A5EF6C60018312B /* HomeGemStone */,
			);
			path = View;
			sourceTree = "<group>";
		};
		E7BB4F432A5EF66F0018312B /* ViewModel */ = {
			isa = PBXGroup;
			children = (
				E7BB4F462A5EF7060018312B /* HomeGemListViewModel.swift */,
				E7FEC0972A6D1274006F36BF /* HomeWorryDetailViewModel.swift */,
			);
			path = ViewModel;
			sourceTree = "<group>";
		};
		E7BB4F442A5EF6750018312B /* Model */ = {
			isa = PBXGroup;
			children = (
				E7BB4F482A5EF7320018312B /* HomeGemListModel.swift */,
				E73CA3D92A69300F00BAC9D6 /* HomePublisherModel.swift */,
				E7FEC0992A6D1725006F36BF /* WorryDetailModel.swift */,
				85831C312AF0F5F2008839A0 /* CompleteWorryModel.swift */,
				E72D6AF22B1C907800CF8B01 /* EditWorryResponseModel.swift */,
				E772E70C2AF9AE650098E091 /* HomeGemStoneCount.swift */,
			);
			path = Model;
			sourceTree = "<group>";
		};
		E7BB4F452A5EF6C60018312B /* HomeGemStone */ = {
			isa = PBXGroup;
			children = (
				85EBC7F22A5AD93200B9E891 /* HomeGemStoneVC.swift */,
				E7BB4F542A604FC10018312B /* GemStoneCVC.swift */,
			);
			path = HomeGemStone;
			sourceTree = "<group>";
		};
		E7BB4F4A2A5EF7450018312B /* Model */ = {
			isa = PBXGroup;
			children = (
				E7BB4F502A5EF8260018312B /* WorryListModel.swift */,
			);
			name = Model;
			path = ../Writing/Model;
			sourceTree = "<group>";
		};
		E7BB4F4B2A5EF74D0018312B /* ViewModel */ = {
			isa = PBXGroup;
			children = (
				E7BB4F4E2A5EF81C0018312B /* WorryListViewModel.swift */,
			);
			path = ViewModel;
			sourceTree = "<group>";
		};
		E7BB4F4C2A5EF7520018312B /* View */ = {
			isa = PBXGroup;
			children = (
				850C55952ADB2AA00088ABBB /* WorryPatchManager.swift */,
				85E349482AC06C63007D9956 /* WorryPostManager.swift */,
				85A849322A87DA36009F1468 /* TemplateContentHeaderView.swift */,
				85A849302A87A9F7009F1468 /* TemplateContentTVC.swift */,
				85A8492E2A87A9EC009F1468 /* TemplateContentTV.swift */,
				85EBC7F42A5AD94100B9E891 /* WriteVC.swift */,
				85887D8F2A5EFA2C00F7FB21 /* WritePickerVC.swift */,
				85887D802A5C428500F7FB21 /* WriteModal */,
				E72D6AF52B21E1A500CF8B01 /* WriteEmptyView.swift */,
			);
			path = View;
			sourceTree = "<group>";
		};
		E7BB4F4D2A5EF7E60018312B /* View */ = {
			isa = PBXGroup;
			children = (
				85887D9A2A605CF800F7FB21 /* ArchiveTemplateInfo */,
				85887D952A6042E400F7FB21 /* ArchiveModal */,
				85EBC7F62A5AD95D00B9E891 /* ArchiveVC.swift */,
				85887D912A60320A00F7FB21 /* ArchiveHeaderView.swift */,
				85887D932A603A9900F7FB21 /* WorryListCVC.swift */,
			);
			path = View;
			sourceTree = "<group>";
		};
		E7C808DC2A4D37F800F475CE = {
			isa = PBXGroup;
			children = (
				E73A4C152B31234600C019EF /* Settings.bundle */,
				E7C808E72A4D37F800F475CE /* KAERA */,
				E7C808E62A4D37F800F475CE /* Products */,
			);
			sourceTree = "<group>";
		};
		E7C808E62A4D37F800F475CE /* Products */ = {
			isa = PBXGroup;
			children = (
				E7C808E52A4D37F800F475CE /* KAERA.app */,
			);
			name = Products;
			sourceTree = "<group>";
		};
		E7C808E72A4D37F800F475CE /* KAERA */ = {
			isa = PBXGroup;
			children = (
				E7A94CC12AA4569300F231D0 /* KAERA.entitlements */,
				E7AC12162A51CBA400FE504C /* Global */,
				E78C39F12A5138D200A15120 /* Scenes */,
				E78C39F52A51394A00A15120 /* Resources */,
				E7AC121B2A51CF8500FE504C /* Network */,
				E78C39F22A5138FC00A15120 /* Application */,
			);
			path = KAERA;
			sourceTree = "<group>";
		};
		E7F8CC602B10712600066BB1 /* Onboarding */ = {
			isa = PBXGroup;
			children = (
				E7F8CC612B10712600066BB1 /* View */,
			);
			path = Onboarding;
			sourceTree = "<group>";
		};
		E7F8CC612B10712600066BB1 /* View */ = {
			isa = PBXGroup;
			children = (
				E7F8CC622B10712600066BB1 /* OnboardingVC.swift */,
				E7F8CC632B10712600066BB1 /* CustomPageControl.swift */,
			);
			path = View;
			sourceTree = "<group>";
		};
/* End PBXGroup section */

/* Begin PBXNativeTarget section */
		E7C808E42A4D37F800F475CE /* KAERA */ = {
			isa = PBXNativeTarget;
			buildConfigurationList = E7C808F92A4D37FA00F475CE /* Build configuration list for PBXNativeTarget "KAERA" */;
			buildPhases = (
				E7C808E12A4D37F800F475CE /* Sources */,
				E7C808E22A4D37F800F475CE /* Frameworks */,
				E7C808E32A4D37F800F475CE /* Resources */,
			);
			buildRules = (
			);
			dependencies = (
			);
			name = KAERA;
			packageProductDependencies = (
				E7AC122E2A51D54900FE504C /* CombineMoya */,
				E7AC12302A51D54900FE504C /* Moya */,
				E7AC12332A51D56F00FE504C /* SnapKit */,
				E721EABC2A51D5D900A04AA0 /* Then */,
				E7A94CC62AA6A46800F231D0 /* KakaoSDKAuth */,
				E7A94CC82AA6A46800F231D0 /* KakaoSDKCommon */,
				E7A94CCA2AA6A46800F231D0 /* KakaoSDKUser */,
				E70764B22AC9972400627AA7 /* FirebaseAnalytics */,
				E70764B42AC9972400627AA7 /* FirebaseAnalyticsOnDeviceConversion */,
				E70764B62AC9972400627AA7 /* FirebaseAnalyticsSwift */,
				E70764B82AC9972400627AA7 /* FirebaseAnalyticsWithoutAdIdSupport */,
				E70764BA2AC9972400627AA7 /* FirebaseAppCheck */,
				E70764BC2AC9972400627AA7 /* FirebaseAppDistribution-Beta */,
				E70764BE2AC9972400627AA7 /* FirebaseAuth */,
				E70764C02AC9972400627AA7 /* FirebaseAuthCombine-Community */,
				E70764C22AC9972400627AA7 /* FirebaseCrashlytics */,
				E70764C42AC9972400627AA7 /* FirebaseDatabase */,
				E70764C62AC9972400627AA7 /* FirebaseDatabaseSwift */,
				E70764C82AC9972400627AA7 /* FirebaseDynamicLinks */,
				E70764CA2AC9972400627AA7 /* FirebaseFirestore */,
				E70764CC2AC9972400627AA7 /* FirebaseFirestoreCombine-Community */,
				E70764CE2AC9972400627AA7 /* FirebaseFirestoreSwift */,
				E70764D02AC9972400627AA7 /* FirebaseFunctions */,
				E70764D22AC9972400627AA7 /* FirebaseFunctionsCombine-Community */,
				E70764D42AC9972400627AA7 /* FirebaseInAppMessaging-Beta */,
				E70764D62AC9972400627AA7 /* FirebaseInAppMessagingSwift-Beta */,
				E70764D82AC9972400627AA7 /* FirebaseInstallations */,
				E70764DA2AC9972400627AA7 /* FirebaseMLModelDownloader */,
				E70764DC2AC9972400627AA7 /* FirebaseMessaging */,
				E70764DE2AC9972400627AA7 /* FirebasePerformance */,
				E70764E02AC9972400627AA7 /* FirebaseRemoteConfig */,
				E70764E22AC9972400627AA7 /* FirebaseRemoteConfigSwift */,
				E70764E42AC9972400627AA7 /* FirebaseStorage */,
				E70764E62AC9972400627AA7 /* FirebaseStorageCombine-Community */,
				E72D6AE72B1C234000CF8B01 /* Lottie */,
			);
			productName = KAERA;
			productReference = E7C808E52A4D37F800F475CE /* KAERA.app */;
			productType = "com.apple.product-type.application";
		};
/* End PBXNativeTarget section */

/* Begin PBXProject section */
		E7C808DD2A4D37F800F475CE /* Project object */ = {
			isa = PBXProject;
			attributes = {
				BuildIndependentTargetsInParallel = 1;
				LastSwiftUpdateCheck = 1430;
				LastUpgradeCheck = 1430;
				TargetAttributes = {
					E7C808E42A4D37F800F475CE = {
						CreatedOnToolsVersion = 14.3.1;
					};
				};
			};
			buildConfigurationList = E7C808E02A4D37F800F475CE /* Build configuration list for PBXProject "KAERA" */;
			compatibilityVersion = "Xcode 14.0";
			developmentRegion = en;
			hasScannedForEncodings = 0;
			knownRegions = (
				en,
				Base,
			);
			mainGroup = E7C808DC2A4D37F800F475CE;
			packageReferences = (
				E7AC122D2A51D54900FE504C /* XCRemoteSwiftPackageReference "Moya" */,
				E7AC12322A51D56F00FE504C /* XCRemoteSwiftPackageReference "SnapKit" */,
				E721EABB2A51D5D900A04AA0 /* XCRemoteSwiftPackageReference "Then" */,
				E7A94CC52AA6A46800F231D0 /* XCRemoteSwiftPackageReference "kakao-ios-sdk" */,
				E70764B12AC9972400627AA7 /* XCRemoteSwiftPackageReference "firebase-ios-sdk" */,
				E72D6AE62B1C234000CF8B01 /* XCRemoteSwiftPackageReference "lottie-ios" */,
			);
			productRefGroup = E7C808E62A4D37F800F475CE /* Products */;
			projectDirPath = "";
			projectRoot = "";
			targets = (
				E7C808E42A4D37F800F475CE /* KAERA */,
			);
		};
/* End PBXProject section */

/* Begin PBXResourcesBuildPhase section */
		E7C808E32A4D37F800F475CE /* Resources */ = {
			isa = PBXResourcesBuildPhase;
			buildActionMask = 2147483647;
			files = (
				E73A4C162B31234600C019EF /* Settings.bundle in Resources */,
				E72D6AEB2B1C255F00CF8B01 /* kaera_loading.json in Resources */,
				E7C808F22A4D37FA00F475CE /* Assets.xcassets in Resources */,
				E7C30F612A533D08002BD782 /* NanumSquareNeoTTF-aLt.ttf in Resources */,
				E7C30F622A533D08002BD782 /* NanumSquareNeoTTF-bRg.ttf in Resources */,
				E7C30F632A533D08002BD782 /* NanumSquareNeoTTF-cBd.ttf in Resources */,
				E79AAC5A2A531E3300F3F439 /* NanumMyeongjoOTF.otf in Resources */,
				E70764EB2AC9980600627AA7 /* GoogleService-Info.plist in Resources */,
			);
			runOnlyForDeploymentPostprocessing = 0;
		};
/* End PBXResourcesBuildPhase section */

/* Begin PBXSourcesBuildPhase section */
		E7C808E12A4D37F800F475CE /* Sources */ = {
			isa = PBXSourcesBuildPhase;
			buildActionMask = 2147483647;
			files = (
				E79AAC1F2A52F16300F3F439 /* ImageCacheManager.swift in Sources */,
				E79AAC472A52F36500F3F439 /* NetworkResult.swift in Sources */,
				E73CA3DF2A6A62F700BAC9D6 /* HomeWorryDetailVC.swift in Sources */,
				E76C7AD52B1490D4008BE56B /* UserDefaults+.swift in Sources */,
				E70764692ABFF68800627AA7 /* AuthAPI.swift in Sources */,
				85A8492B2A87A13B009F1468 /* TemplateContentViewModel.swift in Sources */,
				E7A94CC42AA484E300F231D0 /* SignInVC.swift in Sources */,
				E73CA3E42A6AB09100BAC9D6 /* HomeWorryDetailTVC.swift in Sources */,
				E79AAC212A52F19300F3F439 /* ToastMessageColorType.swift in Sources */,
				E73CA3E72A6B5D2500BAC9D6 /* HomeWorryDetailHeaderView.swift in Sources */,
				E7B94D7A2ADEB403005D9FB8 /* MyPageTVCModel.swift in Sources */,
				E7B94D7C2AE00C42005D9FB8 /* PushSettingInfo.swift in Sources */,
				E7AC12232A51D08300FE504C /* Temp_DataModel.swift in Sources */,
				85831C322AF0F5F2008839A0 /* CompleteWorryModel.swift in Sources */,
				850C55962ADB2AA00088ABBB /* WorryPatchManager.swift in Sources */,
				85887DA02A612E1000F7FB21 /* TemplateInfoTVC.swift in Sources */,
				E7B091302B0DF6AA00F47BEB /* AuthInterceptor.swift in Sources */,
				E7BB4F3B2A5ED3610018312B /* HomeVC.swift in Sources */,
				E7B94D722ADDF9F3005D9FB8 /* MyPageTVHeaderView.swift in Sources */,
				E79AAC342A52F2C300F3F439 /* UIViewController+.swift in Sources */,
				E79AAC332A52F2C300F3F439 /* UITextField+.swift in Sources */,
				E79AAC322A52F2C300F3F439 /* UIColor+.swift in Sources */,
				E70C7CA12A90959A006B2E74 /* HomeService.swift in Sources */,
				E72D6AF62B21E1A500CF8B01 /* WriteEmptyView.swift in Sources */,
				E73CA3E22A6A688A00BAC9D6 /* CustomNavigationBarView.swift in Sources */,
				85887D972A60430600F7FB21 /* ArchiveModalCVC.swift in Sources */,
				E79AAC372A52F2C300F3F439 /* CALayer+.swift in Sources */,
				E74969302A7B2DF000C3C0CF /* WorryDecisionVC.swift in Sources */,
				E7A94CCD2AAC149900F231D0 /* Environment.swift in Sources */,
				E71FC2442ADC01B6001DD27D /* MyPageVC.swift in Sources */,
				E70764752AC06B6000627AA7 /* KeyChainManager.swift in Sources */,
				E79AAC3D2A52F2C300F3F439 /* UIFont+.swift in Sources */,
				85887D8E2A5D086300F7FB21 /* TemplateViewModel.swift in Sources */,
				85ECEE4D2A9B821500A624AE /* WriteAPI.swift in Sources */,
				E7BB4F492A5EF7320018312B /* HomeGemListModel.swift in Sources */,
				E7BB4F512A5EF8260018312B /* WorryListModel.swift in Sources */,
				E79AAC392A52F2C300F3F439 /* UICollectionVIew+.swift in Sources */,
				E7B94D702ADDF9B8005D9FB8 /* MyPageTVC.swift in Sources */,
				E7F8CC652B10712600066BB1 /* CustomPageControl.swift in Sources */,
				85EBC7F72A5AD95D00B9E891 /* ArchiveVC.swift in Sources */,
				E79AAC432A52F36500F3F439 /* APIConstant.swift in Sources */,
				E7FEC09A2A6D1725006F36BF /* WorryDetailModel.swift in Sources */,
				E79AAC302A52F2C300F3F439 /* String+.swift in Sources */,
				E72D6AF32B1C907800CF8B01 /* EditWorryResponseModel.swift in Sources */,
				85A849312A87A9F7009F1468 /* TemplateContentTVC.swift in Sources */,
				85ECEE492A9A406B00A624AE /* ArchiveService.swift in Sources */,
				E7F8CC642B10712600066BB1 /* OnboardingVC.swift in Sources */,
				E79AAC4B2A52F3E000F3F439 /* BaseNC.swift in Sources */,
				E79AAC462A52F36500F3F439 /* NetworkConstant.swift in Sources */,
				85EBC7F52A5AD94100B9E891 /* WriteVC.swift in Sources */,
				E73CA3DA2A69300F00BAC9D6 /* HomePublisherModel.swift in Sources */,
				E71FC22C2AD29400001DD27D /* RenewalTokenModel.swift in Sources */,
				E7B94D782ADEAAB3005D9FB8 /* MyPageTVFooterView.swift in Sources */,
				85887D9E2A61219700F7FB21 /* TemplateInfoHeaderView.swift in Sources */,
				E79AAC4A2A52F3E000F3F439 /* BaseVC.swift in Sources */,
				E70764732ABFFF9200627AA7 /* SignInViewModel.swift in Sources */,
				E71FC2262AD284D9001DD27D /* SplashVC.swift in Sources */,
				85A8492D2A87A3FF009F1468 /* TemplateContentModel.swift in Sources */,
				E79AAC3B2A52F2C300F3F439 /* UIButton+.swift in Sources */,
				E70C7CA32A909829006B2E74 /* HomeAPI.swift in Sources */,
				E79AAC452A52F36500F3F439 /* MoyaLoggingPlugin.swift in Sources */,
				85A849332A87DA36009F1468 /* TemplateContentHeaderView.swift in Sources */,
				E7BB4F552A604FC10018312B /* GemStoneCVC.swift in Sources */,
				85887D992A60431000F7FB21 /* ArchiveModalVC.swift in Sources */,
				E70764672ABFF24700627AA7 /* AuthService.swift in Sources */,
				85887D902A5EFA2C00F7FB21 /* WritePickerVC.swift in Sources */,
				E7A94CD32AB0910F00F231D0 /* KaeraAlertVC.swift in Sources */,
				85887D8C2A5D084800F7FB21 /* TemplateListModel.swift in Sources */,
				E7A94CCF2AAD9F9100F231D0 /* HomeWorryEditVC.swift in Sources */,
				E79AAC362A52F2C300F3F439 /* UILabel+.swift in Sources */,
				E79AAC3A2A52F2C300F3F439 /* Adjusted+.swift in Sources */,
				E707646E2ABFF7E800627AA7 /* SignInModel.swift in Sources */,
				E79AAC312A52F2C300F3F439 /* UIView+.swift in Sources */,
				E7FEC0962A6CFD12006F36BF /* HomeWorryDetailFooterView.swift in Sources */,
				E7DE36242AE4F59900B0DC67 /* MyPageDataType.swift in Sources */,
				85EBC7F32A5AD93200B9E891 /* HomeGemStoneVC.swift in Sources */,
				E79AAC442A52F36500F3F439 /* BaseTargetType.swift in Sources */,
				E7BB4F472A5EF7060018312B /* HomeGemListViewModel.swift in Sources */,
				E7C808E92A4D37F800F475CE /* AppDelegate.swift in Sources */,
				E73CA3DC2A693C9D00BAC9D6 /* GemStoneEmptyView.swift in Sources */,
				85ECEE4B2A9B815E00A624AE /* WriteService.swift in Sources */,
				E7FEC0982A6D1274006F36BF /* HomeWorryDetailViewModel.swift in Sources */,
				85887D842A5C42A700F7FB21 /* WriteModalCVC.swift in Sources */,
				85A8492F2A87A9EC009F1468 /* TemplateContentTV.swift in Sources */,
				E7B94D742ADE9A35005D9FB8 /* MyPaggeViewModel.swift in Sources */,
				85ECEE472A9A117E00A624AE /* ArchiveAPI.swift in Sources */,
				E79AAC3C2A52F2C300F3F439 /* NSObject+.swift in Sources */,
				85887D922A60320A00F7FB21 /* ArchiveHeaderView.swift in Sources */,
				E74968D62A74B84100C3C0CF /* WorryDetailReviewView.swift in Sources */,
				85887D942A603A9900F7FB21 /* WorryListCVC.swift in Sources */,
				85EBC7F12A5AD7BC00B9E891 /* KaeraTabbarController.swift in Sources */,
				E7AC12212A51CFFD00FE504C /* GeneralResponse.swift in Sources */,
				E79AAC382A52F2C300F3F439 /* UIStackView+.swift in Sources */,
				E772E70D2AF9AE650098E091 /* HomeGemStoneCount.swift in Sources */,
				E78B648B2AF85FA00046215D /* WorryReviewModel.swift in Sources */,
				E7C808EB2A4D37F800F475CE /* SceneDelegate.swift in Sources */,
				85887D822A5C429F00F7FB21 /* WriteModalVC.swift in Sources */,
				E74969342A80AE2100C3C0CF /* WorryQuoteView.swift in Sources */,
				E79AAC352A52F2C300F3F439 /* UIImageView+.swift in Sources */,
				85887D9C2A605D0B00F7FB21 /* TemplateInfoVC.swift in Sources */,
				85E349492AC06C63007D9956 /* WorryPostManager.swift in Sources */,
				E7BB4F4F2A5EF81C0018312B /* WorryListViewModel.swift in Sources */,
				E7FEC09E2A6F6C76006F36BF /* ViewModelType.swift in Sources */,
			);
			runOnlyForDeploymentPostprocessing = 0;
		};
/* End PBXSourcesBuildPhase section */

/* Begin XCBuildConfiguration section */
		E7C808F72A4D37FA00F475CE /* Debug */ = {
			isa = XCBuildConfiguration;
			buildSettings = {
				ALWAYS_SEARCH_USER_PATHS = NO;
				CLANG_ANALYZER_NONNULL = YES;
				CLANG_ANALYZER_NUMBER_OBJECT_CONVERSION = YES_AGGRESSIVE;
				CLANG_CXX_LANGUAGE_STANDARD = "gnu++20";
				CLANG_ENABLE_MODULES = YES;
				CLANG_ENABLE_OBJC_ARC = YES;
				CLANG_ENABLE_OBJC_WEAK = YES;
				CLANG_WARN_BLOCK_CAPTURE_AUTORELEASING = YES;
				CLANG_WARN_BOOL_CONVERSION = YES;
				CLANG_WARN_COMMA = YES;
				CLANG_WARN_CONSTANT_CONVERSION = YES;
				CLANG_WARN_DEPRECATED_OBJC_IMPLEMENTATIONS = YES;
				CLANG_WARN_DIRECT_OBJC_ISA_USAGE = YES_ERROR;
				CLANG_WARN_DOCUMENTATION_COMMENTS = YES;
				CLANG_WARN_EMPTY_BODY = YES;
				CLANG_WARN_ENUM_CONVERSION = YES;
				CLANG_WARN_INFINITE_RECURSION = YES;
				CLANG_WARN_INT_CONVERSION = YES;
				CLANG_WARN_NON_LITERAL_NULL_CONVERSION = YES;
				CLANG_WARN_OBJC_IMPLICIT_RETAIN_SELF = YES;
				CLANG_WARN_OBJC_LITERAL_CONVERSION = YES;
				CLANG_WARN_OBJC_ROOT_CLASS = YES_ERROR;
				CLANG_WARN_QUOTED_INCLUDE_IN_FRAMEWORK_HEADER = YES;
				CLANG_WARN_RANGE_LOOP_ANALYSIS = YES;
				CLANG_WARN_STRICT_PROTOTYPES = YES;
				CLANG_WARN_SUSPICIOUS_MOVE = YES;
				CLANG_WARN_UNGUARDED_AVAILABILITY = YES_AGGRESSIVE;
				CLANG_WARN_UNREACHABLE_CODE = YES;
				CLANG_WARN__DUPLICATE_METHOD_MATCH = YES;
				COPY_PHASE_STRIP = NO;
				DEBUG_INFORMATION_FORMAT = dwarf;
				ENABLE_STRICT_OBJC_MSGSEND = YES;
				ENABLE_TESTABILITY = YES;
				GCC_C_LANGUAGE_STANDARD = gnu11;
				GCC_DYNAMIC_NO_PIC = NO;
				GCC_NO_COMMON_BLOCKS = YES;
				GCC_OPTIMIZATION_LEVEL = 0;
				GCC_PREPROCESSOR_DEFINITIONS = (
					"DEBUG=1",
					"$(inherited)",
				);
				GCC_WARN_64_TO_32_BIT_CONVERSION = YES;
				GCC_WARN_ABOUT_RETURN_TYPE = YES_ERROR;
				GCC_WARN_UNDECLARED_SELECTOR = YES;
				GCC_WARN_UNINITIALIZED_AUTOS = YES_AGGRESSIVE;
				GCC_WARN_UNUSED_FUNCTION = YES;
				GCC_WARN_UNUSED_VARIABLE = YES;
				IPHONEOS_DEPLOYMENT_TARGET = 16.4;
				MTL_ENABLE_DEBUG_INFO = INCLUDE_SOURCE;
				MTL_FAST_MATH = YES;
				ONLY_ACTIVE_ARCH = YES;
				SDKROOT = iphoneos;
				SWIFT_ACTIVE_COMPILATION_CONDITIONS = DEBUG;
				SWIFT_OPTIMIZATION_LEVEL = "-Onone";
			};
			name = Debug;
		};
		E7C808F82A4D37FA00F475CE /* Release */ = {
			isa = XCBuildConfiguration;
			buildSettings = {
				ALWAYS_SEARCH_USER_PATHS = NO;
				CLANG_ANALYZER_NONNULL = YES;
				CLANG_ANALYZER_NUMBER_OBJECT_CONVERSION = YES_AGGRESSIVE;
				CLANG_CXX_LANGUAGE_STANDARD = "gnu++20";
				CLANG_ENABLE_MODULES = YES;
				CLANG_ENABLE_OBJC_ARC = YES;
				CLANG_ENABLE_OBJC_WEAK = YES;
				CLANG_WARN_BLOCK_CAPTURE_AUTORELEASING = YES;
				CLANG_WARN_BOOL_CONVERSION = YES;
				CLANG_WARN_COMMA = YES;
				CLANG_WARN_CONSTANT_CONVERSION = YES;
				CLANG_WARN_DEPRECATED_OBJC_IMPLEMENTATIONS = YES;
				CLANG_WARN_DIRECT_OBJC_ISA_USAGE = YES_ERROR;
				CLANG_WARN_DOCUMENTATION_COMMENTS = YES;
				CLANG_WARN_EMPTY_BODY = YES;
				CLANG_WARN_ENUM_CONVERSION = YES;
				CLANG_WARN_INFINITE_RECURSION = YES;
				CLANG_WARN_INT_CONVERSION = YES;
				CLANG_WARN_NON_LITERAL_NULL_CONVERSION = YES;
				CLANG_WARN_OBJC_IMPLICIT_RETAIN_SELF = YES;
				CLANG_WARN_OBJC_LITERAL_CONVERSION = YES;
				CLANG_WARN_OBJC_ROOT_CLASS = YES_ERROR;
				CLANG_WARN_QUOTED_INCLUDE_IN_FRAMEWORK_HEADER = YES;
				CLANG_WARN_RANGE_LOOP_ANALYSIS = YES;
				CLANG_WARN_STRICT_PROTOTYPES = YES;
				CLANG_WARN_SUSPICIOUS_MOVE = YES;
				CLANG_WARN_UNGUARDED_AVAILABILITY = YES_AGGRESSIVE;
				CLANG_WARN_UNREACHABLE_CODE = YES;
				CLANG_WARN__DUPLICATE_METHOD_MATCH = YES;
				COPY_PHASE_STRIP = NO;
				DEBUG_INFORMATION_FORMAT = "dwarf-with-dsym";
				ENABLE_NS_ASSERTIONS = NO;
				ENABLE_STRICT_OBJC_MSGSEND = YES;
				GCC_C_LANGUAGE_STANDARD = gnu11;
				GCC_NO_COMMON_BLOCKS = YES;
				GCC_WARN_64_TO_32_BIT_CONVERSION = YES;
				GCC_WARN_ABOUT_RETURN_TYPE = YES_ERROR;
				GCC_WARN_UNDECLARED_SELECTOR = YES;
				GCC_WARN_UNINITIALIZED_AUTOS = YES_AGGRESSIVE;
				GCC_WARN_UNUSED_FUNCTION = YES;
				GCC_WARN_UNUSED_VARIABLE = YES;
				IPHONEOS_DEPLOYMENT_TARGET = 16.4;
				MTL_ENABLE_DEBUG_INFO = NO;
				MTL_FAST_MATH = YES;
				SDKROOT = iphoneos;
				SWIFT_COMPILATION_MODE = wholemodule;
				SWIFT_OPTIMIZATION_LEVEL = "-O";
				VALIDATE_PRODUCT = YES;
			};
			name = Release;
		};
		E7C808FA2A4D37FA00F475CE /* Debug */ = {
			isa = XCBuildConfiguration;
			baseConfigurationReference = E70C7C9E2A908574006B2E74 /* Secrets.xcconfig */;
			buildSettings = {
				ASSETCATALOG_COMPILER_APPICON_NAME = AppIcon;
				ASSETCATALOG_COMPILER_GLOBAL_ACCENT_COLOR_NAME = AccentColor;
				CODE_SIGN_ENTITLEMENTS = KAERA/KAERA.entitlements;
				CODE_SIGN_STYLE = Automatic;
				CURRENT_PROJECT_VERSION = 202312192;
				DEVELOPMENT_TEAM = AFS6YUQ2Y4;
				GENERATE_INFOPLIST_FILE = YES;
				INFOPLIST_FILE = KAERA/Application/Info.plist;
				INFOPLIST_KEY_UIApplicationSupportsIndirectInputEvents = YES;
				INFOPLIST_KEY_UISupportedInterfaceOrientations = UIInterfaceOrientationPortrait;
				INFOPLIST_KEY_UISupportedInterfaceOrientations_iPad = "UIInterfaceOrientationLandscapeLeft UIInterfaceOrientationLandscapeRight UIInterfaceOrientationPortrait UIInterfaceOrientationPortraitUpsideDown";
				LD_RUNPATH_SEARCH_PATHS = (
					"$(inherited)",
					"@executable_path/Frameworks",
				);
				MARKETING_VERSION = 1.0.4;
				PRODUCT_BUNDLE_IDENTIFIER = com.hara.kaera;
				PRODUCT_NAME = "$(TARGET_NAME)";
				SUPPORTED_PLATFORMS = "iphoneos iphonesimulator";
				SUPPORTS_MACCATALYST = NO;
				SUPPORTS_MAC_DESIGNED_FOR_IPHONE_IPAD = NO;
				SWIFT_EMIT_LOC_STRINGS = YES;
				SWIFT_VERSION = 5.0;
				TARGETED_DEVICE_FAMILY = 1;
			};
			name = Debug;
		};
		E7C808FB2A4D37FA00F475CE /* Release */ = {
			isa = XCBuildConfiguration;
			baseConfigurationReference = E70C7C9E2A908574006B2E74 /* Secrets.xcconfig */;
			buildSettings = {
				ASSETCATALOG_COMPILER_APPICON_NAME = AppIcon;
				ASSETCATALOG_COMPILER_GLOBAL_ACCENT_COLOR_NAME = AccentColor;
				CODE_SIGN_ENTITLEMENTS = KAERA/KAERA.entitlements;
				CODE_SIGN_STYLE = Automatic;
				CURRENT_PROJECT_VERSION = 202312192;
				DEVELOPMENT_TEAM = AFS6YUQ2Y4;
				GENERATE_INFOPLIST_FILE = YES;
				INFOPLIST_FILE = KAERA/Application/Info.plist;
				INFOPLIST_KEY_UIApplicationSupportsIndirectInputEvents = YES;
				INFOPLIST_KEY_UISupportedInterfaceOrientations = UIInterfaceOrientationPortrait;
				INFOPLIST_KEY_UISupportedInterfaceOrientations_iPad = "UIInterfaceOrientationLandscapeLeft UIInterfaceOrientationLandscapeRight UIInterfaceOrientationPortrait UIInterfaceOrientationPortraitUpsideDown";
				LD_RUNPATH_SEARCH_PATHS = (
					"$(inherited)",
					"@executable_path/Frameworks",
				);
				MARKETING_VERSION = 1.0.4;
				PRODUCT_BUNDLE_IDENTIFIER = com.hara.kaera;
				PRODUCT_NAME = "$(TARGET_NAME)";
				SUPPORTED_PLATFORMS = "iphoneos iphonesimulator";
				SUPPORTS_MACCATALYST = NO;
				SUPPORTS_MAC_DESIGNED_FOR_IPHONE_IPAD = NO;
				SWIFT_EMIT_LOC_STRINGS = YES;
				SWIFT_VERSION = 5.0;
				TARGETED_DEVICE_FAMILY = 1;
			};
			name = Release;
		};
/* End XCBuildConfiguration section */

/* Begin XCConfigurationList section */
		E7C808E02A4D37F800F475CE /* Build configuration list for PBXProject "KAERA" */ = {
			isa = XCConfigurationList;
			buildConfigurations = (
				E7C808F72A4D37FA00F475CE /* Debug */,
				E7C808F82A4D37FA00F475CE /* Release */,
			);
			defaultConfigurationIsVisible = 0;
			defaultConfigurationName = Release;
		};
		E7C808F92A4D37FA00F475CE /* Build configuration list for PBXNativeTarget "KAERA" */ = {
			isa = XCConfigurationList;
			buildConfigurations = (
				E7C808FA2A4D37FA00F475CE /* Debug */,
				E7C808FB2A4D37FA00F475CE /* Release */,
			);
			defaultConfigurationIsVisible = 0;
			defaultConfigurationName = Release;
		};
/* End XCConfigurationList section */

/* Begin XCRemoteSwiftPackageReference section */
		E70764B12AC9972400627AA7 /* XCRemoteSwiftPackageReference "firebase-ios-sdk" */ = {
			isa = XCRemoteSwiftPackageReference;
			repositoryURL = "https://github.com/firebase/firebase-ios-sdk";
			requirement = {
				kind = upToNextMajorVersion;
				minimumVersion = 10.15.0;
			};
		};
		E721EABB2A51D5D900A04AA0 /* XCRemoteSwiftPackageReference "Then" */ = {
			isa = XCRemoteSwiftPackageReference;
			repositoryURL = "https://github.com/devxoul/Then";
			requirement = {
				kind = upToNextMajorVersion;
				minimumVersion = 3.0.0;
			};
		};
		E72D6AE62B1C234000CF8B01 /* XCRemoteSwiftPackageReference "lottie-ios" */ = {
			isa = XCRemoteSwiftPackageReference;
			repositoryURL = "https://github.com/airbnb/lottie-ios.git";
			requirement = {
				kind = upToNextMajorVersion;
				minimumVersion = 4.3.4;
			};
		};
		E7A94CC52AA6A46800F231D0 /* XCRemoteSwiftPackageReference "kakao-ios-sdk" */ = {
			isa = XCRemoteSwiftPackageReference;
			repositoryURL = "https://github.com/kakao/kakao-ios-sdk";
			requirement = {
				branch = master;
				kind = branch;
			};
		};
		E7AC122D2A51D54900FE504C /* XCRemoteSwiftPackageReference "Moya" */ = {
			isa = XCRemoteSwiftPackageReference;
			repositoryURL = "https://github.com/Moya/Moya";
			requirement = {
				kind = upToNextMajorVersion;
				minimumVersion = 15.0.3;
			};
		};
		E7AC12322A51D56F00FE504C /* XCRemoteSwiftPackageReference "SnapKit" */ = {
			isa = XCRemoteSwiftPackageReference;
			repositoryURL = "https://github.com/SnapKit/SnapKit.git";
			requirement = {
				kind = upToNextMajorVersion;
				minimumVersion = 5.6.0;
			};
		};
/* End XCRemoteSwiftPackageReference section */

/* Begin XCSwiftPackageProductDependency section */
		E70764B22AC9972400627AA7 /* FirebaseAnalytics */ = {
			isa = XCSwiftPackageProductDependency;
			package = E70764B12AC9972400627AA7 /* XCRemoteSwiftPackageReference "firebase-ios-sdk" */;
			productName = FirebaseAnalytics;
		};
		E70764B42AC9972400627AA7 /* FirebaseAnalyticsOnDeviceConversion */ = {
			isa = XCSwiftPackageProductDependency;
			package = E70764B12AC9972400627AA7 /* XCRemoteSwiftPackageReference "firebase-ios-sdk" */;
			productName = FirebaseAnalyticsOnDeviceConversion;
		};
		E70764B62AC9972400627AA7 /* FirebaseAnalyticsSwift */ = {
			isa = XCSwiftPackageProductDependency;
			package = E70764B12AC9972400627AA7 /* XCRemoteSwiftPackageReference "firebase-ios-sdk" */;
			productName = FirebaseAnalyticsSwift;
		};
		E70764B82AC9972400627AA7 /* FirebaseAnalyticsWithoutAdIdSupport */ = {
			isa = XCSwiftPackageProductDependency;
			package = E70764B12AC9972400627AA7 /* XCRemoteSwiftPackageReference "firebase-ios-sdk" */;
			productName = FirebaseAnalyticsWithoutAdIdSupport;
		};
		E70764BA2AC9972400627AA7 /* FirebaseAppCheck */ = {
			isa = XCSwiftPackageProductDependency;
			package = E70764B12AC9972400627AA7 /* XCRemoteSwiftPackageReference "firebase-ios-sdk" */;
			productName = FirebaseAppCheck;
		};
		E70764BC2AC9972400627AA7 /* FirebaseAppDistribution-Beta */ = {
			isa = XCSwiftPackageProductDependency;
			package = E70764B12AC9972400627AA7 /* XCRemoteSwiftPackageReference "firebase-ios-sdk" */;
			productName = "FirebaseAppDistribution-Beta";
		};
		E70764BE2AC9972400627AA7 /* FirebaseAuth */ = {
			isa = XCSwiftPackageProductDependency;
			package = E70764B12AC9972400627AA7 /* XCRemoteSwiftPackageReference "firebase-ios-sdk" */;
			productName = FirebaseAuth;
		};
		E70764C02AC9972400627AA7 /* FirebaseAuthCombine-Community */ = {
			isa = XCSwiftPackageProductDependency;
			package = E70764B12AC9972400627AA7 /* XCRemoteSwiftPackageReference "firebase-ios-sdk" */;
			productName = "FirebaseAuthCombine-Community";
		};
		E70764C22AC9972400627AA7 /* FirebaseCrashlytics */ = {
			isa = XCSwiftPackageProductDependency;
			package = E70764B12AC9972400627AA7 /* XCRemoteSwiftPackageReference "firebase-ios-sdk" */;
			productName = FirebaseCrashlytics;
		};
		E70764C42AC9972400627AA7 /* FirebaseDatabase */ = {
			isa = XCSwiftPackageProductDependency;
			package = E70764B12AC9972400627AA7 /* XCRemoteSwiftPackageReference "firebase-ios-sdk" */;
			productName = FirebaseDatabase;
		};
		E70764C62AC9972400627AA7 /* FirebaseDatabaseSwift */ = {
			isa = XCSwiftPackageProductDependency;
			package = E70764B12AC9972400627AA7 /* XCRemoteSwiftPackageReference "firebase-ios-sdk" */;
			productName = FirebaseDatabaseSwift;
		};
		E70764C82AC9972400627AA7 /* FirebaseDynamicLinks */ = {
			isa = XCSwiftPackageProductDependency;
			package = E70764B12AC9972400627AA7 /* XCRemoteSwiftPackageReference "firebase-ios-sdk" */;
			productName = FirebaseDynamicLinks;
		};
		E70764CA2AC9972400627AA7 /* FirebaseFirestore */ = {
			isa = XCSwiftPackageProductDependency;
			package = E70764B12AC9972400627AA7 /* XCRemoteSwiftPackageReference "firebase-ios-sdk" */;
			productName = FirebaseFirestore;
		};
		E70764CC2AC9972400627AA7 /* FirebaseFirestoreCombine-Community */ = {
			isa = XCSwiftPackageProductDependency;
			package = E70764B12AC9972400627AA7 /* XCRemoteSwiftPackageReference "firebase-ios-sdk" */;
			productName = "FirebaseFirestoreCombine-Community";
		};
		E70764CE2AC9972400627AA7 /* FirebaseFirestoreSwift */ = {
			isa = XCSwiftPackageProductDependency;
			package = E70764B12AC9972400627AA7 /* XCRemoteSwiftPackageReference "firebase-ios-sdk" */;
			productName = FirebaseFirestoreSwift;
		};
		E70764D02AC9972400627AA7 /* FirebaseFunctions */ = {
			isa = XCSwiftPackageProductDependency;
			package = E70764B12AC9972400627AA7 /* XCRemoteSwiftPackageReference "firebase-ios-sdk" */;
			productName = FirebaseFunctions;
		};
		E70764D22AC9972400627AA7 /* FirebaseFunctionsCombine-Community */ = {
			isa = XCSwiftPackageProductDependency;
			package = E70764B12AC9972400627AA7 /* XCRemoteSwiftPackageReference "firebase-ios-sdk" */;
			productName = "FirebaseFunctionsCombine-Community";
		};
		E70764D42AC9972400627AA7 /* FirebaseInAppMessaging-Beta */ = {
			isa = XCSwiftPackageProductDependency;
			package = E70764B12AC9972400627AA7 /* XCRemoteSwiftPackageReference "firebase-ios-sdk" */;
			productName = "FirebaseInAppMessaging-Beta";
		};
		E70764D62AC9972400627AA7 /* FirebaseInAppMessagingSwift-Beta */ = {
			isa = XCSwiftPackageProductDependency;
			package = E70764B12AC9972400627AA7 /* XCRemoteSwiftPackageReference "firebase-ios-sdk" */;
			productName = "FirebaseInAppMessagingSwift-Beta";
		};
		E70764D82AC9972400627AA7 /* FirebaseInstallations */ = {
			isa = XCSwiftPackageProductDependency;
			package = E70764B12AC9972400627AA7 /* XCRemoteSwiftPackageReference "firebase-ios-sdk" */;
			productName = FirebaseInstallations;
		};
		E70764DA2AC9972400627AA7 /* FirebaseMLModelDownloader */ = {
			isa = XCSwiftPackageProductDependency;
			package = E70764B12AC9972400627AA7 /* XCRemoteSwiftPackageReference "firebase-ios-sdk" */;
			productName = FirebaseMLModelDownloader;
		};
		E70764DC2AC9972400627AA7 /* FirebaseMessaging */ = {
			isa = XCSwiftPackageProductDependency;
			package = E70764B12AC9972400627AA7 /* XCRemoteSwiftPackageReference "firebase-ios-sdk" */;
			productName = FirebaseMessaging;
		};
		E70764DE2AC9972400627AA7 /* FirebasePerformance */ = {
			isa = XCSwiftPackageProductDependency;
			package = E70764B12AC9972400627AA7 /* XCRemoteSwiftPackageReference "firebase-ios-sdk" */;
			productName = FirebasePerformance;
		};
		E70764E02AC9972400627AA7 /* FirebaseRemoteConfig */ = {
			isa = XCSwiftPackageProductDependency;
			package = E70764B12AC9972400627AA7 /* XCRemoteSwiftPackageReference "firebase-ios-sdk" */;
			productName = FirebaseRemoteConfig;
		};
		E70764E22AC9972400627AA7 /* FirebaseRemoteConfigSwift */ = {
			isa = XCSwiftPackageProductDependency;
			package = E70764B12AC9972400627AA7 /* XCRemoteSwiftPackageReference "firebase-ios-sdk" */;
			productName = FirebaseRemoteConfigSwift;
		};
		E70764E42AC9972400627AA7 /* FirebaseStorage */ = {
			isa = XCSwiftPackageProductDependency;
			package = E70764B12AC9972400627AA7 /* XCRemoteSwiftPackageReference "firebase-ios-sdk" */;
			productName = FirebaseStorage;
		};
		E70764E62AC9972400627AA7 /* FirebaseStorageCombine-Community */ = {
			isa = XCSwiftPackageProductDependency;
			package = E70764B12AC9972400627AA7 /* XCRemoteSwiftPackageReference "firebase-ios-sdk" */;
			productName = "FirebaseStorageCombine-Community";
		};
		E721EABC2A51D5D900A04AA0 /* Then */ = {
			isa = XCSwiftPackageProductDependency;
			package = E721EABB2A51D5D900A04AA0 /* XCRemoteSwiftPackageReference "Then" */;
			productName = Then;
		};
		E72D6AE72B1C234000CF8B01 /* Lottie */ = {
			isa = XCSwiftPackageProductDependency;
			package = E72D6AE62B1C234000CF8B01 /* XCRemoteSwiftPackageReference "lottie-ios" */;
			productName = Lottie;
		};
		E7A94CC62AA6A46800F231D0 /* KakaoSDKAuth */ = {
			isa = XCSwiftPackageProductDependency;
			package = E7A94CC52AA6A46800F231D0 /* XCRemoteSwiftPackageReference "kakao-ios-sdk" */;
			productName = KakaoSDKAuth;
		};
		E7A94CC82AA6A46800F231D0 /* KakaoSDKCommon */ = {
			isa = XCSwiftPackageProductDependency;
			package = E7A94CC52AA6A46800F231D0 /* XCRemoteSwiftPackageReference "kakao-ios-sdk" */;
			productName = KakaoSDKCommon;
		};
		E7A94CCA2AA6A46800F231D0 /* KakaoSDKUser */ = {
			isa = XCSwiftPackageProductDependency;
			package = E7A94CC52AA6A46800F231D0 /* XCRemoteSwiftPackageReference "kakao-ios-sdk" */;
			productName = KakaoSDKUser;
		};
		E7AC122E2A51D54900FE504C /* CombineMoya */ = {
			isa = XCSwiftPackageProductDependency;
			package = E7AC122D2A51D54900FE504C /* XCRemoteSwiftPackageReference "Moya" */;
			productName = CombineMoya;
		};
		E7AC12302A51D54900FE504C /* Moya */ = {
			isa = XCSwiftPackageProductDependency;
			package = E7AC122D2A51D54900FE504C /* XCRemoteSwiftPackageReference "Moya" */;
			productName = Moya;
		};
		E7AC12332A51D56F00FE504C /* SnapKit */ = {
			isa = XCSwiftPackageProductDependency;
			package = E7AC12322A51D56F00FE504C /* XCRemoteSwiftPackageReference "SnapKit" */;
			productName = SnapKit;
		};
/* End XCSwiftPackageProductDependency section */
	};
	rootObject = E7C808DD2A4D37F800F475CE /* Project object */;
}
